// !$*UTF8*$!
{
	archiveVersion = 1;
	classes = {
	};
	objectVersion = 46;
	objects = {

/* Begin PBXBuildFile section */
		205840311DAD46CB00F55B0C /* main.m in Sources */ = {isa = PBXBuildFile; fileRef = 205840301DAD46CB00F55B0C /* main.m */; };
		205840341DAD46CB00F55B0C /* AppDelegate.m in Sources */ = {isa = PBXBuildFile; fileRef = 205840331DAD46CB00F55B0C /* AppDelegate.m */; };
		205840371DAD46CB00F55B0C /* ViewController.m in Sources */ = {isa = PBXBuildFile; fileRef = 205840361DAD46CB00F55B0C /* ViewController.m */; };
		2058403A1DAD46CB00F55B0C /* Main.storyboard in Resources */ = {isa = PBXBuildFile; fileRef = 205840381DAD46CB00F55B0C /* Main.storyboard */; };
		2058403C1DAD46CB00F55B0C /* Assets.xcassets in Resources */ = {isa = PBXBuildFile; fileRef = 2058403B1DAD46CB00F55B0C /* Assets.xcassets */; };
		2058403F1DAD46CB00F55B0C /* LaunchScreen.storyboard in Resources */ = {isa = PBXBuildFile; fileRef = 2058403D1DAD46CB00F55B0C /* LaunchScreen.storyboard */; };
		205840481DAD489D00F55B0C /* NewFeatureView.m in Sources */ = {isa = PBXBuildFile; fileRef = 205840471DAD489D00F55B0C /* NewFeatureView.m */; };
		20B010DA1DADF46A0077ECA9 /* Info.plist in Resources */ = {isa = PBXBuildFile; fileRef = 20B010C01DADF46A0077ECA9 /* Info.plist */; };
		20B010DB1DADF46A0077ECA9 /* MASCompositeConstraint.m in Sources */ = {isa = PBXBuildFile; fileRef = 20B010C21DADF46A0077ECA9 /* MASCompositeConstraint.m */; };
		20B010DC1DADF46A0077ECA9 /* MASConstraint.m in Sources */ = {isa = PBXBuildFile; fileRef = 20B010C51DADF46A0077ECA9 /* MASConstraint.m */; };
		20B010DD1DADF46A0077ECA9 /* MASConstraintMaker.m in Sources */ = {isa = PBXBuildFile; fileRef = 20B010C71DADF46A0077ECA9 /* MASConstraintMaker.m */; };
		20B010DE1DADF46A0077ECA9 /* MASLayoutConstraint.m in Sources */ = {isa = PBXBuildFile; fileRef = 20B010C91DADF46A0077ECA9 /* MASLayoutConstraint.m */; };
		20B010DF1DADF46A0077ECA9 /* MASViewAttribute.m in Sources */ = {isa = PBXBuildFile; fileRef = 20B010CD1DADF46A0077ECA9 /* MASViewAttribute.m */; };
		20B010E01DADF46A0077ECA9 /* MASViewConstraint.m in Sources */ = {isa = PBXBuildFile; fileRef = 20B010CF1DADF46A0077ECA9 /* MASViewConstraint.m */; };
		20B010E11DADF46A0077ECA9 /* NSArray+MASAdditions.m in Sources */ = {isa = PBXBuildFile; fileRef = 20B010D11DADF46A0077ECA9 /* NSArray+MASAdditions.m */; };
		20B010E21DADF46A0077ECA9 /* NSLayoutConstraint+MASDebugAdditions.m in Sources */ = {isa = PBXBuildFile; fileRef = 20B010D41DADF46A0077ECA9 /* NSLayoutConstraint+MASDebugAdditions.m */; };
		20B010E31DADF46A0077ECA9 /* View+MASAdditions.m in Sources */ = {isa = PBXBuildFile; fileRef = 20B010D61DADF46A0077ECA9 /* View+MASAdditions.m */; };
		20B010E41DADF46A0077ECA9 /* ViewController+MASAdditions.m in Sources */ = {isa = PBXBuildFile; fileRef = 20B010D91DADF46A0077ECA9 /* ViewController+MASAdditions.m */; };
/* End PBXBuildFile section */

/* Begin PBXFileReference section */
		2058402C1DAD46CB00F55B0C /* 新特性界面.app */ = {isa = PBXFileReference; explicitFileType = wrapper.application; includeInIndex = 0; path = "新特性界面.app"; sourceTree = BUILT_PRODUCTS_DIR; };
		205840301DAD46CB00F55B0C /* main.m */ = {isa = PBXFileReference; lastKnownFileType = sourcecode.c.objc; path = main.m; sourceTree = "<group>"; };
		205840321DAD46CB00F55B0C /* AppDelegate.h */ = {isa = PBXFileReference; lastKnownFileType = sourcecode.c.h; path = AppDelegate.h; sourceTree = "<group>"; };
		205840331DAD46CB00F55B0C /* AppDelegate.m */ = {isa = PBXFileReference; lastKnownFileType = sourcecode.c.objc; path = AppDelegate.m; sourceTree = "<group>"; };
		205840351DAD46CB00F55B0C /* ViewController.h */ = {isa = PBXFileReference; lastKnownFileType = sourcecode.c.h; path = ViewController.h; sourceTree = "<group>"; };
		205840361DAD46CB00F55B0C /* ViewController.m */ = {isa = PBXFileReference; lastKnownFileType = sourcecode.c.objc; path = ViewController.m; sourceTree = "<group>"; };
		205840391DAD46CB00F55B0C /* Base */ = {isa = PBXFileReference; lastKnownFileType = file.storyboard; name = Base; path = Base.lproj/Main.storyboard; sourceTree = "<group>"; };
		2058403B1DAD46CB00F55B0C /* Assets.xcassets */ = {isa = PBXFileReference; lastKnownFileType = folder.assetcatalog; path = Assets.xcassets; sourceTree = "<group>"; };
		2058403E1DAD46CB00F55B0C /* Base */ = {isa = PBXFileReference; lastKnownFileType = file.storyboard; name = Base; path = Base.lproj/LaunchScreen.storyboard; sourceTree = "<group>"; };
		205840401DAD46CB00F55B0C /* Info.plist */ = {isa = PBXFileReference; lastKnownFileType = text.plist.xml; path = Info.plist; sourceTree = "<group>"; };
		205840461DAD489D00F55B0C /* NewFeatureView.h */ = {isa = PBXFileReference; fileEncoding = 4; lastKnownFileType = sourcecode.c.h; path = NewFeatureView.h; sourceTree = "<group>"; };
		205840471DAD489D00F55B0C /* NewFeatureView.m */ = {isa = PBXFileReference; fileEncoding = 4; lastKnownFileType = sourcecode.c.objc; path = NewFeatureView.m; sourceTree = "<group>"; };
		20B010C01DADF46A0077ECA9 /* Info.plist */ = {isa = PBXFileReference; fileEncoding = 4; lastKnownFileType = text.plist.xml; path = Info.plist; sourceTree = "<group>"; };
		20B010C11DADF46A0077ECA9 /* MASCompositeConstraint.h */ = {isa = PBXFileReference; fileEncoding = 4; lastKnownFileType = sourcecode.c.h; path = MASCompositeConstraint.h; sourceTree = "<group>"; };
		20B010C21DADF46A0077ECA9 /* MASCompositeConstraint.m */ = {isa = PBXFileReference; fileEncoding = 4; lastKnownFileType = sourcecode.c.objc; path = MASCompositeConstraint.m; sourceTree = "<group>"; };
		20B010C31DADF46A0077ECA9 /* MASConstraint+Private.h */ = {isa = PBXFileReference; fileEncoding = 4; lastKnownFileType = sourcecode.c.h; path = "MASConstraint+Private.h"; sourceTree = "<group>"; };
		20B010C41DADF46A0077ECA9 /* MASConstraint.h */ = {isa = PBXFileReference; fileEncoding = 4; lastKnownFileType = sourcecode.c.h; path = MASConstraint.h; sourceTree = "<group>"; };
		20B010C51DADF46A0077ECA9 /* MASConstraint.m */ = {isa = PBXFileReference; fileEncoding = 4; lastKnownFileType = sourcecode.c.objc; path = MASConstraint.m; sourceTree = "<group>"; };
		20B010C61DADF46A0077ECA9 /* MASConstraintMaker.h */ = {isa = PBXFileReference; fileEncoding = 4; lastKnownFileType = sourcecode.c.h; path = MASConstraintMaker.h; sourceTree = "<group>"; };
		20B010C71DADF46A0077ECA9 /* MASConstraintMaker.m */ = {isa = PBXFileReference; fileEncoding = 4; lastKnownFileType = sourcecode.c.objc; path = MASConstraintMaker.m; sourceTree = "<group>"; };
		20B010C81DADF46A0077ECA9 /* MASLayoutConstraint.h */ = {isa = PBXFileReference; fileEncoding = 4; lastKnownFileType = sourcecode.c.h; path = MASLayoutConstraint.h; sourceTree = "<group>"; };
		20B010C91DADF46A0077ECA9 /* MASLayoutConstraint.m */ = {isa = PBXFileReference; fileEncoding = 4; lastKnownFileType = sourcecode.c.objc; path = MASLayoutConstraint.m; sourceTree = "<group>"; };
		20B010CA1DADF46A0077ECA9 /* Masonry.h */ = {isa = PBXFileReference; fileEncoding = 4; lastKnownFileType = sourcecode.c.h; path = Masonry.h; sourceTree = "<group>"; };
		20B010CB1DADF46A0077ECA9 /* MASUtilities.h */ = {isa = PBXFileReference; fileEncoding = 4; lastKnownFileType = sourcecode.c.h; path = MASUtilities.h; sourceTree = "<group>"; };
		20B010CC1DADF46A0077ECA9 /* MASViewAttribute.h */ = {isa = PBXFileReference; fileEncoding = 4; lastKnownFileType = sourcecode.c.h; path = MASViewAttribute.h; sourceTree = "<group>"; };
		20B010CD1DADF46A0077ECA9 /* MASViewAttribute.m */ = {isa = PBXFileReference; fileEncoding = 4; lastKnownFileType = sourcecode.c.objc; path = MASViewAttribute.m; sourceTree = "<group>"; };
		20B010CE1DADF46A0077ECA9 /* MASViewConstraint.h */ = {isa = PBXFileReference; fileEncoding = 4; lastKnownFileType = sourcecode.c.h; path = MASViewConstraint.h; sourceTree = "<group>"; };
		20B010CF1DADF46A0077ECA9 /* MASViewConstraint.m */ = {isa = PBXFileReference; fileEncoding = 4; lastKnownFileType = sourcecode.c.objc; path = MASViewConstraint.m; sourceTree = "<group>"; };
		20B010D01DADF46A0077ECA9 /* NSArray+MASAdditions.h */ = {isa = PBXFileReference; fileEncoding = 4; lastKnownFileType = sourcecode.c.h; path = "NSArray+MASAdditions.h"; sourceTree = "<group>"; };
		20B010D11DADF46A0077ECA9 /* NSArray+MASAdditions.m */ = {isa = PBXFileReference; fileEncoding = 4; lastKnownFileType = sourcecode.c.objc; path = "NSArray+MASAdditions.m"; sourceTree = "<group>"; };
		20B010D21DADF46A0077ECA9 /* NSArray+MASShorthandAdditions.h */ = {isa = PBXFileReference; fileEncoding = 4; lastKnownFileType = sourcecode.c.h; path = "NSArray+MASShorthandAdditions.h"; sourceTree = "<group>"; };
		20B010D31DADF46A0077ECA9 /* NSLayoutConstraint+MASDebugAdditions.h */ = {isa = PBXFileReference; fileEncoding = 4; lastKnownFileType = sourcecode.c.h; path = "NSLayoutConstraint+MASDebugAdditions.h"; sourceTree = "<group>"; };
		20B010D41DADF46A0077ECA9 /* NSLayoutConstraint+MASDebugAdditions.m */ = {isa = PBXFileReference; fileEncoding = 4; lastKnownFileType = sourcecode.c.objc; path = "NSLayoutConstraint+MASDebugAdditions.m"; sourceTree = "<group>"; };
		20B010D51DADF46A0077ECA9 /* View+MASAdditions.h */ = {isa = PBXFileReference; fileEncoding = 4; lastKnownFileType = sourcecode.c.h; path = "View+MASAdditions.h"; sourceTree = "<group>"; };
		20B010D61DADF46A0077ECA9 /* View+MASAdditions.m */ = {isa = PBXFileReference; fileEncoding = 4; lastKnownFileType = sourcecode.c.objc; path = "View+MASAdditions.m"; sourceTree = "<group>"; };
		20B010D71DADF46A0077ECA9 /* View+MASShorthandAdditions.h */ = {isa = PBXFileReference; fileEncoding = 4; lastKnownFileType = sourcecode.c.h; path = "View+MASShorthandAdditions.h"; sourceTree = "<group>"; };
		20B010D81DADF46A0077ECA9 /* ViewController+MASAdditions.h */ = {isa = PBXFileReference; fileEncoding = 4; lastKnownFileType = sourcecode.c.h; path = "ViewController+MASAdditions.h"; sourceTree = "<group>"; };
		20B010D91DADF46A0077ECA9 /* ViewController+MASAdditions.m */ = {isa = PBXFileReference; fileEncoding = 4; lastKnownFileType = sourcecode.c.objc; path = "ViewController+MASAdditions.m"; sourceTree = "<group>"; };
/* End PBXFileReference section */

/* Begin PBXFrameworksBuildPhase section */
		205840291DAD46CB00F55B0C /* Frameworks */ = {
			isa = PBXFrameworksBuildPhase;
			buildActionMask = 2147483647;
			files = (
			);
			runOnlyForDeploymentPostprocessing = 0;
		};
/* End PBXFrameworksBuildPhase section */

/* Begin PBXGroup section */
		205840231DAD46CB00F55B0C = {
			isa = PBXGroup;
			children = (
				2058402E1DAD46CB00F55B0C /* 新特性界面 */,
				2058402D1DAD46CB00F55B0C /* Products */,
			);
			sourceTree = "<group>";
		};
		2058402D1DAD46CB00F55B0C /* Products */ = {
			isa = PBXGroup;
			children = (
				2058402C1DAD46CB00F55B0C /* 新特性界面.app */,
			);
			name = Products;
			sourceTree = "<group>";
		};
		2058402E1DAD46CB00F55B0C /* 新特性界面 */ = {
			isa = PBXGroup;
			children = (
				20B010BF1DADF46A0077ECA9 /* Masonry */,
				205840321DAD46CB00F55B0C /* AppDelegate.h */,
				205840331DAD46CB00F55B0C /* AppDelegate.m */,
				205840351DAD46CB00F55B0C /* ViewController.h */,
				205840361DAD46CB00F55B0C /* ViewController.m */,
				205840461DAD489D00F55B0C /* NewFeatureView.h */,
				205840471DAD489D00F55B0C /* NewFeatureView.m */,
				205840381DAD46CB00F55B0C /* Main.storyboard */,
				2058403B1DAD46CB00F55B0C /* Assets.xcassets */,
				2058403D1DAD46CB00F55B0C /* LaunchScreen.storyboard */,
				205840401DAD46CB00F55B0C /* Info.plist */,
				2058402F1DAD46CB00F55B0C /* Supporting Files */,
			);
			path = "新特性界面";
			sourceTree = "<group>";
		};
		2058402F1DAD46CB00F55B0C /* Supporting Files */ = {
			isa = PBXGroup;
			children = (
				205840301DAD46CB00F55B0C /* main.m */,
			);
			name = "Supporting Files";
			sourceTree = "<group>";
		};
		20B010BF1DADF46A0077ECA9 /* Masonry */ = {
			isa = PBXGroup;
			children = (
				20B010C01DADF46A0077ECA9 /* Info.plist */,
				20B010C11DADF46A0077ECA9 /* MASCompositeConstraint.h */,
				20B010C21DADF46A0077ECA9 /* MASCompositeConstraint.m */,
				20B010C31DADF46A0077ECA9 /* MASConstraint+Private.h */,
				20B010C41DADF46A0077ECA9 /* MASConstraint.h */,
				20B010C51DADF46A0077ECA9 /* MASConstraint.m */,
				20B010C61DADF46A0077ECA9 /* MASConstraintMaker.h */,
				20B010C71DADF46A0077ECA9 /* MASConstraintMaker.m */,
				20B010C81DADF46A0077ECA9 /* MASLayoutConstraint.h */,
				20B010C91DADF46A0077ECA9 /* MASLayoutConstraint.m */,
				20B010CA1DADF46A0077ECA9 /* Masonry.h */,
				20B010CB1DADF46A0077ECA9 /* MASUtilities.h */,
				20B010CC1DADF46A0077ECA9 /* MASViewAttribute.h */,
				20B010CD1DADF46A0077ECA9 /* MASViewAttribute.m */,
				20B010CE1DADF46A0077ECA9 /* MASViewConstraint.h */,
				20B010CF1DADF46A0077ECA9 /* MASViewConstraint.m */,
				20B010D01DADF46A0077ECA9 /* NSArray+MASAdditions.h */,
				20B010D11DADF46A0077ECA9 /* NSArray+MASAdditions.m */,
				20B010D21DADF46A0077ECA9 /* NSArray+MASShorthandAdditions.h */,
				20B010D31DADF46A0077ECA9 /* NSLayoutConstraint+MASDebugAdditions.h */,
				20B010D41DADF46A0077ECA9 /* NSLayoutConstraint+MASDebugAdditions.m */,
				20B010D51DADF46A0077ECA9 /* View+MASAdditions.h */,
				20B010D61DADF46A0077ECA9 /* View+MASAdditions.m */,
				20B010D71DADF46A0077ECA9 /* View+MASShorthandAdditions.h */,
				20B010D81DADF46A0077ECA9 /* ViewController+MASAdditions.h */,
				20B010D91DADF46A0077ECA9 /* ViewController+MASAdditions.m */,
			);
			name = Masonry;
			path = ../Masonry;
			sourceTree = "<group>";
		};
/* End PBXGroup section */

/* Begin PBXNativeTarget section */
		2058402B1DAD46CB00F55B0C /* 新特性界面 */ = {
			isa = PBXNativeTarget;
			buildConfigurationList = 205840431DAD46CB00F55B0C /* Build configuration list for PBXNativeTarget "新特性界面" */;
			buildPhases = (
				205840281DAD46CB00F55B0C /* Sources */,
				205840291DAD46CB00F55B0C /* Frameworks */,
				2058402A1DAD46CB00F55B0C /* Resources */,
			);
			buildRules = (
			);
			dependencies = (
			);
			name = "新特性界面";
			productName = "新特性界面";
			productReference = 2058402C1DAD46CB00F55B0C /* 新特性界面.app */;
			productType = "com.apple.product-type.application";
		};
/* End PBXNativeTarget section */

/* Begin PBXProject section */
		205840241DAD46CB00F55B0C /* Project object */ = {
			isa = PBXProject;
			attributes = {
				LastUpgradeCheck = 0730;
				ORGANIZATIONNAME = HM;
				TargetAttributes = {
					2058402B1DAD46CB00F55B0C = {
						CreatedOnToolsVersion = 7.3.1;
					};
				};
			};
			buildConfigurationList = 205840271DAD46CB00F55B0C /* Build configuration list for PBXProject "新特性界面" */;
			compatibilityVersion = "Xcode 3.2";
			developmentRegion = English;
			hasScannedForEncodings = 0;
			knownRegions = (
				en,
				Base,
			);
			mainGroup = 205840231DAD46CB00F55B0C;
			productRefGroup = 2058402D1DAD46CB00F55B0C /* Products */;
			projectDirPath = "";
			projectRoot = "";
			targets = (
				2058402B1DAD46CB00F55B0C /* 新特性界面 */,
			);
		};
/* End PBXProject section */

/* Begin PBXResourcesBuildPhase section */
		2058402A1DAD46CB00F55B0C /* Resources */ = {
			isa = PBXResourcesBuildPhase;
			buildActionMask = 2147483647;
			files = (
				20B010DA1DADF46A0077ECA9 /* Info.plist in Resources */,
				2058403F1DAD46CB00F55B0C /* LaunchScreen.storyboard in Resources */,
				2058403C1DAD46CB00F55B0C /* Assets.xcassets in Resources */,
				2058403A1DAD46CB00F55B0C /* Main.storyboard in Resources */,
			);
			runOnlyForDeploymentPostprocessing = 0;
		};
/* End PBXResourcesBuildPhase section */

/* Begin PBXSourcesBuildPhase section */
		205840281DAD46CB00F55B0C /* Sources */ = {
			isa = PBXSourcesBuildPhase;
			buildActionMask = 2147483647;
			files = (
				20B010DD1DADF46A0077ECA9 /* MASConstraintMaker.m in Sources */,
				205840481DAD489D00F55B0C /* NewFeatureView.m in Sources */,
				205840371DAD46CB00F55B0C /* ViewController.m in Sources */,
				20B010DC1DADF46A0077ECA9 /* MASConstraint.m in Sources */,
				20B010E41DADF46A0077ECA9 /* ViewController+MASAdditions.m in Sources */,
				20B010DE1DADF46A0077ECA9 /* MASLayoutConstraint.m in Sources */,
				20B010E11DADF46A0077ECA9 /* NSArray+MASAdditions.m in Sources */,
				20B010E01DADF46A0077ECA9 /* MASViewConstraint.m in Sources */,
				20B010DF1DADF46A0077ECA9 /* MASViewAttribute.m in Sources */,
				20B010E31DADF46A0077ECA9 /* View+MASAdditions.m in Sources */,
				205840341DAD46CB00F55B0C /* AppDelegate.m in Sources */,
				205840311DAD46CB00F55B0C /* main.m in Sources */,
				20B010DB1DADF46A0077ECA9 /* MASCompositeConstraint.m in Sources */,
				20B010E21DADF46A0077ECA9 /* NSLayoutConstraint+MASDebugAdditions.m in Sources */,
			);
			runOnlyForDeploymentPostprocessing = 0;
		};
/* End PBXSourcesBuildPhase section */

/* Begin PBXVariantGroup section */
		205840381DAD46CB00F55B0C /* Main.storyboard */ = {
			isa = PBXVariantGroup;
			children = (
				205840391DAD46CB00F55B0C /* Base */,
			);
			name = Main.storyboard;
			sourceTree = "<group>";
		};
		2058403D1DAD46CB00F55B0C /* LaunchScreen.storyboard */ = {
			isa = PBXVariantGroup;
			children = (
				2058403E1DAD46CB00F55B0C /* Base */,
			);
			name = LaunchScreen.storyboard;
			sourceTree = "<group>";
		};
/* End PBXVariantGroup section */

/* Begin XCBuildConfiguration section */
		205840411DAD46CB00F55B0C /* Debug */ = {
			isa = XCBuildConfiguration;
			buildSettings = {
				ALWAYS_SEARCH_USER_PATHS = NO;
				CLANG_ANALYZER_NONNULL = YES;
				CLANG_CXX_LANGUAGE_STANDARD = "gnu++0x";
				CLANG_CXX_LIBRARY = "libc++";
				CLANG_ENABLE_MODULES = YES;
				CLANG_ENABLE_OBJC_ARC = YES;
				CLANG_WARN_BOOL_CONVERSION = YES;
				CLANG_WARN_CONSTANT_CONVERSION = YES;
				CLANG_WARN_DIRECT_OBJC_ISA_USAGE = YES_ERROR;
				CLANG_WARN_EMPTY_BODY = YES;
				CLANG_WARN_ENUM_CONVERSION = YES;
				CLANG_WARN_INT_CONVERSION = YES;
				CLANG_WARN_OBJC_ROOT_CLASS = YES_ERROR;
				CLANG_WARN_UNREACHABLE_CODE = YES;
				CLANG_WARN__DUPLICATE_METHOD_MATCH = YES;
				"CODE_SIGN_IDENTITY[sdk=iphoneos*]" = "iPhone Developer";
				COPY_PHASE_STRIP = NO;
				DEBUG_INFORMATION_FORMAT = dwarf;
				ENABLE_STRICT_OBJC_MSGSEND = YES;
				ENABLE_TESTABILITY = YES;
				GCC_C_LANGUAGE_STANDARD = gnu99;
				GCC_DYNAMIC_NO_PIC = NO;
				GCC_NO_COMMON_BLOCKS = YES;
				GCC_OPTIMIZATION_LEVEL = 0;
				GCC_PREPROCESSOR_DEFINITIONS = (
					"DEBUG=1",
					"$(inherited)",
				);
				GCC_WARN_64_TO_32_BIT_CONVERSION = YES;
				GCC_WARN_ABOUT_RETURN_TYPE = YES_ERROR;
				GCC_WARN_UNDECLARED_SELECTOR = YES;
				GCC_WARN_UNINITIALIZED_AUTOS = YES_AGGRESSIVE;
				GCC_WARN_UNUSED_FUNCTION = YES;
				GCC_WARN_UNUSED_VARIABLE = YES;
				IPHONEOS_DEPLOYMENT_TARGET = 9.3;
				MTL_ENABLE_DEBUG_INFO = YES;
				ONLY_ACTIVE_ARCH = YES;
				SDKROOT = iphoneos;
			};
			name = Debug;
		};
		205840421DAD46CB00F55B0C /* Release */ = {
			isa = XCBuildConfiguration;
			buildSettings = {
				ALWAYS_SEARCH_USER_PATHS = NO;
				CLANG_ANALYZER_NONNULL = YES;
				CLANG_CXX_LANGUAGE_STANDARD = "gnu++0x";
				CLANG_CXX_LIBRARY = "libc++";
				CLANG_ENABLE_MODULES = YES;
				CLANG_ENABLE_OBJC_ARC = YES;
				CLANG_WARN_BOOL_CONVERSION = YES;
				CLANG_WARN_CONSTANT_CONVERSION = YES;
				CLANG_WARN_DIRECT_OBJC_ISA_USAGE = YES_ERROR;
				CLANG_WARN_EMPTY_BODY = YES;
				CLANG_WARN_ENUM_CONVERSION = YES;
				CLANG_WARN_INT_CONVERSION = YES;
				CLANG_WARN_OBJC_ROOT_CLASS = YES_ERROR;
				CLANG_WARN_UNREACHABLE_CODE = YES;
				CLANG_WARN__DUPLICATE_METHOD_MATCH = YES;
				"CODE_SIGN_IDENTITY[sdk=iphoneos*]" = "iPhone Developer";
				COPY_PHASE_STRIP = NO;
				DEBUG_INFORMATION_FORMAT = "dwarf-with-dsym";
				ENABLE_NS_ASSERTIONS = NO;
				ENABLE_STRICT_OBJC_MSGSEND = YES;
				GCC_C_LANGUAGE_STANDARD = gnu99;
				GCC_NO_COMMON_BLOCKS = YES;
				GCC_WARN_64_TO_32_BIT_CONVERSION = YES;
				GCC_WARN_ABOUT_RETURN_TYPE = YES_ERROR;
				GCC_WARN_UNDECLARED_SELECTOR = YES;
				GCC_WARN_UNINITIALIZED_AUTOS = YES_AGGRESSIVE;
				GCC_WARN_UNUSED_FUNCTION = YES;
				GCC_WARN_UNUSED_VARIABLE = YES;
				IPHONEOS_DEPLOYMENT_TARGET = 9.3;
				MTL_ENABLE_DEBUG_INFO = NO;
				SDKROOT = iphoneos;
				VALIDATE_PRODUCT = YES;
			};
			name = Release;
		};
		205840441DAD46CB00F55B0C /* Debug */ = {
			isa = XCBuildConfiguration;
			buildSettings = {
				ASSETCATALOG_COMPILER_APPICON_NAME = AppIcon;
				INFOPLIST_FILE = "新特性界面/Info.plist";
				LD_RUNPATH_SEARCH_PATHS = "$(inherited) @executable_path/Frameworks";
				PRODUCT_BUNDLE_IDENTIFIER = "cn.itheima.-----";
				PRODUCT_NAME = "$(TARGET_NAME)";
			};
			name = Debug;
		};
		205840451DAD46CB00F55B0C /* Release */ = {
			isa = XCBuildConfiguration;
			buildSettings = {
				ASSETCATALOG_COMPILER_APPICON_NAME = AppIcon;
				INFOPLIST_FILE = "新特性界面/Info.plist";
				LD_RUNPATH_SEARCH_PATHS = "$(inherited) @executable_path/Frameworks";
				PRODUCT_BUNDLE_IDENTIFIER = "cn.itheima.-----";
				PRODUCT_NAME = "$(TARGET_NAME)";
			};
			name = Release;
		};
/* End XCBuildConfiguration section */

/* Begin XCConfigurationList section */
		205840271DAD46CB00F55B0C /* Build configuration list for PBXProject "新特性界面" */ = {
			isa = XCConfigurationList;
			buildConfigurations = (
				205840411DAD46CB00F55B0C /* Debug */,
				205840421DAD46CB00F55B0C /* Release */,
			);
			defaultConfigurationIsVisible = 0;
			defaultConfigurationName = Release;
		};
		205840431DAD46CB00F55B0C /* Build configuration list for PBXNativeTarget "新特性界面" */ = {
			isa = XCConfigurationList;
			buildConfigurations = (
				205840441DAD46CB00F55B0C /* Debug */,
				205840451DAD46CB00F55B0C /* Release */,
			);
			defaultConfigurationIsVisible = 0;
			defaultConfigurationName = Release;
		};
/* End XCConfigurationList section */
	};
	rootObject = 205840241DAD46CB00F55B0C /* Project object */;
}
