// !$*UTF8*$!
{
	archiveVersion = 1;
	classes = {
	};
	objectVersion = 46;
	objects = {

/* Begin PBXBuildFile section */
		20DE85C51DB3BA4C001806B4 /* main.m in Sources */ = {isa = PBXBuildFile; fileRef = 20DE85C41DB3BA4C001806B4 /* main.m */; };
		20DE85C81DB3BA4C001806B4 /* AppDelegate.m in Sources */ = {isa = PBXBuildFile; fileRef = 20DE85C71DB3BA4C001806B4 /* AppDelegate.m */; };
		20DE85CB1DB3BA4C001806B4 /* ViewController.m in Sources */ = {isa = PBXBuildFile; fileRef = 20DE85CA1DB3BA4C001806B4 /* ViewController.m */; };
		20DE85CE1DB3BA4C001806B4 /* Main.storyboard in Resources */ = {isa = PBXBuildFile; fileRef = 20DE85CC1DB3BA4C001806B4 /* Main.storyboard */; };
		20DE85D01DB3BA4C001806B4 /* Assets.xcassets in Resources */ = {isa = PBXBuildFile; fileRef = 20DE85CF1DB3BA4C001806B4 /* Assets.xcassets */; };
		20DE85D31DB3BA4C001806B4 /* LaunchScreen.storyboard in Resources */ = {isa = PBXBuildFile; fileRef = 20DE85D11DB3BA4C001806B4 /* LaunchScreen.storyboard */; };
/* End PBXBuildFile section */

/* Begin PBXFileReference section */
		20DE85C01DB3BA4C001806B4 /* 视频截图.app */ = {isa = PBXFileReference; explicitFileType = wrapper.application; includeInIndex = 0; path = "视频截图.app"; sourceTree = BUILT_PRODUCTS_DIR; };
		20DE85C41DB3BA4C001806B4 /* main.m */ = {isa = PBXFileReference; lastKnownFileType = sourcecode.c.objc; path = main.m; sourceTree = "<group>"; };
		20DE85C61DB3BA4C001806B4 /* AppDelegate.h */ = {isa = PBXFileReference; lastKnownFileType = sourcecode.c.h; path = AppDelegate.h; sourceTree = "<group>"; };
		20DE85C71DB3BA4C001806B4 /* AppDelegate.m */ = {isa = PBXFileReference; lastKnownFileType = sourcecode.c.objc; path = AppDelegate.m; sourceTree = "<group>"; };
		20DE85C91DB3BA4C001806B4 /* ViewController.h */ = {isa = PBXFileReference; lastKnownFileType = sourcecode.c.h; path = ViewController.h; sourceTree = "<group>"; };
		20DE85CA1DB3BA4C001806B4 /* ViewController.m */ = {isa = PBXFileReference; lastKnownFileType = sourcecode.c.objc; path = ViewController.m; sourceTree = "<group>"; };
		20DE85CD1DB3BA4C001806B4 /* Base */ = {isa = PBXFileReference; lastKnownFileType = file.storyboard; name = Base; path = Base.lproj/Main.storyboard; sourceTree = "<group>"; };
		20DE85CF1DB3BA4C001806B4 /* Assets.xcassets */ = {isa = PBXFileReference; lastKnownFileType = folder.assetcatalog; path = Assets.xcassets; sourceTree = "<group>"; };
		20DE85D21DB3BA4C001806B4 /* Base */ = {isa = PBXFileReference; lastKnownFileType = file.storyboard; name = Base; path = Base.lproj/LaunchScreen.storyboard; sourceTree = "<group>"; };
		20DE85D41DB3BA4C001806B4 /* Info.plist */ = {isa = PBXFileReference; lastKnownFileType = text.plist.xml; path = Info.plist; sourceTree = "<group>"; };
/* End PBXFileReference section */

/* Begin PBXFrameworksBuildPhase section */
		20DE85BD1DB3BA4C001806B4 /* Frameworks */ = {
			isa = PBXFrameworksBuildPhase;
			buildActionMask = 2147483647;
			files = (
			);
			runOnlyForDeploymentPostprocessing = 0;
		};
/* End PBXFrameworksBuildPhase section */

/* Begin PBXGroup section */
		20DE85B71DB3BA4C001806B4 = {
			isa = PBXGroup;
			children = (
				20DE85C21DB3BA4C001806B4 /* 视频截图 */,
				20DE85C11DB3BA4C001806B4 /* Products */,
			);
			sourceTree = "<group>";
		};
		20DE85C11DB3BA4C001806B4 /* Products */ = {
			isa = PBXGroup;
			children = (
				20DE85C01DB3BA4C001806B4 /* 视频截图.app */,
			);
			name = Products;
			sourceTree = "<group>";
		};
		20DE85C21DB3BA4C001806B4 /* 视频截图 */ = {
			isa = PBXGroup;
			children = (
				20DE85C61DB3BA4C001806B4 /* AppDelegate.h */,
				20DE85C71DB3BA4C001806B4 /* AppDelegate.m */,
				20DE85C91DB3BA4C001806B4 /* ViewController.h */,
				20DE85CA1DB3BA4C001806B4 /* ViewController.m */,
				20DE85CC1DB3BA4C001806B4 /* Main.storyboard */,
				20DE85CF1DB3BA4C001806B4 /* Assets.xcassets */,
				20DE85D11DB3BA4C001806B4 /* LaunchScreen.storyboard */,
				20DE85D41DB3BA4C001806B4 /* Info.plist */,
				20DE85C31DB3BA4C001806B4 /* Supporting Files */,
			);
			path = "视频截图";
			sourceTree = "<group>";
		};
		20DE85C31DB3BA4C001806B4 /* Supporting Files */ = {
			isa = PBXGroup;
			children = (
				20DE85C41DB3BA4C001806B4 /* main.m */,
			);
			name = "Supporting Files";
			sourceTree = "<group>";
		};
/* End PBXGroup section */

/* Begin PBXNativeTarget section */
		20DE85BF1DB3BA4C001806B4 /* 视频截图 */ = {
			isa = PBXNativeTarget;
			buildConfigurationList = 20DE85D71DB3BA4C001806B4 /* Build configuration list for PBXNativeTarget "视频截图" */;
			buildPhases = (
				20DE85BC1DB3BA4C001806B4 /* Sources */,
				20DE85BD1DB3BA4C001806B4 /* Frameworks */,
				20DE85BE1DB3BA4C001806B4 /* Resources */,
			);
			buildRules = (
			);
			dependencies = (
			);
			name = "视频截图";
			productName = "视频截图";
			productReference = 20DE85C01DB3BA4C001806B4 /* 视频截图.app */;
			productType = "com.apple.product-type.application";
		};
/* End PBXNativeTarget section */

/* Begin PBXProject section */
		20DE85B81DB3BA4C001806B4 /* Project object */ = {
			isa = PBXProject;
			attributes = {
				LastUpgradeCheck = 0730;
				ORGANIZATIONNAME = HM;
				TargetAttributes = {
					20DE85BF1DB3BA4C001806B4 = {
						CreatedOnToolsVersion = 7.3.1;
					};
				};
			};
			buildConfigurationList = 20DE85BB1DB3BA4C001806B4 /* Build configuration list for PBXProject "视频截图" */;
			compatibilityVersion = "Xcode 3.2";
			developmentRegion = English;
			hasScannedForEncodings = 0;
			knownRegions = (
				en,
				Base,
			);
			mainGroup = 20DE85B71DB3BA4C001806B4;
			productRefGroup = 20DE85C11DB3BA4C001806B4 /* Products */;
			projectDirPath = "";
			projectRoot = "";
			targets = (
				20DE85BF1DB3BA4C001806B4 /* 视频截图 */,
			);
		};
/* End PBXProject section */

/* Begin PBXResourcesBuildPhase section */
		20DE85BE1DB3BA4C001806B4 /* Resources */ = {
			isa = PBXResourcesBuildPhase;
			buildActionMask = 2147483647;
			files = (
				20DE85D31DB3BA4C001806B4 /* LaunchScreen.storyboard in Resources */,
				20DE85D01DB3BA4C001806B4 /* Assets.xcassets in Resources */,
				20DE85CE1DB3BA4C001806B4 /* Main.storyboard in Resources */,
			);
			runOnlyForDeploymentPostprocessing = 0;
		};
/* End PBXResourcesBuildPhase section */

/* Begin PBXSourcesBuildPhase section */
		20DE85BC1DB3BA4C001806B4 /* Sources */ = {
			isa = PBXSourcesBuildPhase;
			buildActionMask = 2147483647;
			files = (
				20DE85CB1DB3BA4C001806B4 /* ViewController.m in Sources */,
				20DE85C81DB3BA4C001806B4 /* AppDelegate.m in Sources */,
				20DE85C51DB3BA4C001806B4 /* main.m in Sources */,
			);
			runOnlyForDeploymentPostprocessing = 0;
		};
/* End PBXSourcesBuildPhase section */

/* Begin PBXVariantGroup section */
		20DE85CC1DB3BA4C001806B4 /* Main.storyboard */ = {
			isa = PBXVariantGroup;
			children = (
				20DE85CD1DB3BA4C001806B4 /* Base */,
			);
			name = Main.storyboard;
			sourceTree = "<group>";
		};
		20DE85D11DB3BA4C001806B4 /* LaunchScreen.storyboard */ = {
			isa = PBXVariantGroup;
			children = (
				20DE85D21DB3BA4C001806B4 /* Base */,
			);
			name = LaunchScreen.storyboard;
			sourceTree = "<group>";
		};
/* End PBXVariantGroup section */

/* Begin XCBuildConfiguration section */
		20DE85D51DB3BA4C001806B4 /* Debug */ = {
			isa = XCBuildConfiguration;
			buildSettings = {
				ALWAYS_SEARCH_USER_PATHS = NO;
				CLANG_ANALYZER_NONNULL = YES;
				CLANG_CXX_LANGUAGE_STANDARD = "gnu++0x";
				CLANG_CXX_LIBRARY = "libc++";
				CLANG_ENABLE_MODULES = YES;
				CLANG_ENABLE_OBJC_ARC = YES;
				CLANG_WARN_BOOL_CONVERSION = YES;
				CLANG_WARN_CONSTANT_CONVERSION = YES;
				CLANG_WARN_DIRECT_OBJC_ISA_USAGE = YES_ERROR;
				CLANG_WARN_EMPTY_BODY = YES;
				CLANG_WARN_ENUM_CONVERSION = YES;
				CLANG_WARN_INT_CONVERSION = YES;
				CLANG_WARN_OBJC_ROOT_CLASS = YES_ERROR;
				CLANG_WARN_UNREACHABLE_CODE = YES;
				CLANG_WARN__DUPLICATE_METHOD_MATCH = YES;
				"CODE_SIGN_IDENTITY[sdk=iphoneos*]" = "iPhone Developer";
				COPY_PHASE_STRIP = NO;
				DEBUG_INFORMATION_FORMAT = dwarf;
				ENABLE_STRICT_OBJC_MSGSEND = YES;
				ENABLE_TESTABILITY = YES;
				GCC_C_LANGUAGE_STANDARD = gnu99;
				GCC_DYNAMIC_NO_PIC = NO;
				GCC_NO_COMMON_BLOCKS = YES;
				GCC_OPTIMIZATION_LEVEL = 0;
				GCC_PREPROCESSOR_DEFINITIONS = (
					"DEBUG=1",
					"$(inherited)",
				);
				GCC_WARN_64_TO_32_BIT_CONVERSION = YES;
				GCC_WARN_ABOUT_RETURN_TYPE = YES_ERROR;
				GCC_WARN_UNDECLARED_SELECTOR = YES;
				GCC_WARN_UNINITIALIZED_AUTOS = YES_AGGRESSIVE;
				GCC_WARN_UNUSED_FUNCTION = YES;
				GCC_WARN_UNUSED_VARIABLE = YES;
				IPHONEOS_DEPLOYMENT_TARGET = 9.3;
				MTL_ENABLE_DEBUG_INFO = YES;
				ONLY_ACTIVE_ARCH = YES;
				SDKROOT = iphoneos;
			};
			name = Debug;
		};
		20DE85D61DB3BA4C001806B4 /* Release */ = {
			isa = XCBuildConfiguration;
			buildSettings = {
				ALWAYS_SEARCH_USER_PATHS = NO;
				CLANG_ANALYZER_NONNULL = YES;
				CLANG_CXX_LANGUAGE_STANDARD = "gnu++0x";
				CLANG_CXX_LIBRARY = "libc++";
				CLANG_ENABLE_MODULES = YES;
				CLANG_ENABLE_OBJC_ARC = YES;
				CLANG_WARN_BOOL_CONVERSION = YES;
				CLANG_WARN_CONSTANT_CONVERSION = YES;
				CLANG_WARN_DIRECT_OBJC_ISA_USAGE = YES_ERROR;
				CLANG_WARN_EMPTY_BODY = YES;
				CLANG_WARN_ENUM_CONVERSION = YES;
				CLANG_WARN_INT_CONVERSION = YES;
				CLANG_WARN_OBJC_ROOT_CLASS = YES_ERROR;
				CLANG_WARN_UNREACHABLE_CODE = YES;
				CLANG_WARN__DUPLICATE_METHOD_MATCH = YES;
				"CODE_SIGN_IDENTITY[sdk=iphoneos*]" = "iPhone Developer";
				COPY_PHASE_STRIP = NO;
				DEBUG_INFORMATION_FORMAT = "dwarf-with-dsym";
				ENABLE_NS_ASSERTIONS = NO;
				ENABLE_STRICT_OBJC_MSGSEND = YES;
				GCC_C_LANGUAGE_STANDARD = gnu99;
				GCC_NO_COMMON_BLOCKS = YES;
				GCC_WARN_64_TO_32_BIT_CONVERSION = YES;
				GCC_WARN_ABOUT_RETURN_TYPE = YES_ERROR;
				GCC_WARN_UNDECLARED_SELECTOR = YES;
				GCC_WARN_UNINITIALIZED_AUTOS = YES_AGGRESSIVE;
				GCC_WARN_UNUSED_FUNCTION = YES;
				GCC_WARN_UNUSED_VARIABLE = YES;
				IPHONEOS_DEPLOYMENT_TARGET = 9.3;
				MTL_ENABLE_DEBUG_INFO = NO;
				SDKROOT = iphoneos;
				VALIDATE_PRODUCT = YES;
			};
			name = Release;
		};
		20DE85D81DB3BA4C001806B4 /* Debug */ = {
			isa = XCBuildConfiguration;
			buildSettings = {
				ASSETCATALOG_COMPILER_APPICON_NAME = AppIcon;
				INFOPLIST_FILE = "视频截图/Info.plist";
				IPHONEOS_DEPLOYMENT_TARGET = 8.0;
				LD_RUNPATH_SEARCH_PATHS = "$(inherited) @executable_path/Frameworks";
				PRODUCT_BUNDLE_IDENTIFIER = "cn.itheima.umeng20.----";
				PRODUCT_NAME = "$(TARGET_NAME)";
			};
			name = Debug;
		};
		20DE85D91DB3BA4C001806B4 /* Release */ = {
			isa = XCBuildConfiguration;
			buildSettings = {
				ASSETCATALOG_COMPILER_APPICON_NAME = AppIcon;
				INFOPLIST_FILE = "视频截图/Info.plist";
				IPHONEOS_DEPLOYMENT_TARGET = 8.0;
				LD_RUNPATH_SEARCH_PATHS = "$(inherited) @executable_path/Frameworks";
				PRODUCT_BUNDLE_IDENTIFIER = "cn.itheima.umeng20.----";
				PRODUCT_NAME = "$(TARGET_NAME)";
			};
			name = Release;
		};
/* End XCBuildConfiguration section */

/* Begin XCConfigurationList section */
		20DE85BB1DB3BA4C001806B4 /* Build configuration list for PBXProject "视频截图" */ = {
			isa = XCConfigurationList;
			buildConfigurations = (
				20DE85D51DB3BA4C001806B4 /* Debug */,
				20DE85D61DB3BA4C001806B4 /* Release */,
			);
			defaultConfigurationIsVisible = 0;
			defaultConfigurationName = Release;
		};
		20DE85D71DB3BA4C001806B4 /* Build configuration list for PBXNativeTarget "视频截图" */ = {
			isa = XCConfigurationList;
			buildConfigurations = (
				20DE85D81DB3BA4C001806B4 /* Debug */,
				20DE85D91DB3BA4C001806B4 /* Release */,
			);
			defaultConfigurationIsVisible = 0;
		};
/* End XCConfigurationList section */
	};
	rootObject = 20DE85B81DB3BA4C001806B4 /* Project object */;
}
