// !$*UTF8*$!
{
	archiveVersion = 1;
	classes = {
	};
	objectVersion = 46;
	objects = {

/* Begin PBXBuildFile section */
		20E9CAC61DABF47200F1C732 /* main.m in Sources */ = {isa = PBXBuildFile; fileRef = 20E9CAC51DABF47200F1C732 /* main.m */; };
		20E9CAC91DABF47200F1C732 /* AppDelegate.m in Sources */ = {isa = PBXBuildFile; fileRef = 20E9CAC81DABF47200F1C732 /* AppDelegate.m */; };
		20E9CACC1DABF47200F1C732 /* ViewController.m in Sources */ = {isa = PBXBuildFile; fileRef = 20E9CACB1DABF47200F1C732 /* ViewController.m */; };
		20E9CACF1DABF47200F1C732 /* Main.storyboard in Resources */ = {isa = PBXBuildFile; fileRef = 20E9CACD1DABF47200F1C732 /* Main.storyboard */; };
		20E9CAD11DABF47200F1C732 /* Assets.xcassets in Resources */ = {isa = PBXBuildFile; fileRef = 20E9CAD01DABF47200F1C732 /* Assets.xcassets */; };
		20E9CAD41DABF47200F1C732 /* LaunchScreen.storyboard in Resources */ = {isa = PBXBuildFile; fileRef = 20E9CAD21DABF47200F1C732 /* LaunchScreen.storyboard */; };
		20E9CADC1DABF49200F1C732 /* MapKit.framework in Frameworks */ = {isa = PBXBuildFile; fileRef = 20E9CADB1DABF49200F1C732 /* MapKit.framework */; };
		20E9CADF1DABF9B800F1C732 /* HMAnnotion.m in Sources */ = {isa = PBXBuildFile; fileRef = 20E9CADE1DABF9B800F1C732 /* HMAnnotion.m */; };
/* End PBXBuildFile section */

/* Begin PBXFileReference section */
		20E9CAC11DABF47200F1C732 /* 定义大头针.app */ = {isa = PBXFileReference; explicitFileType = wrapper.application; includeInIndex = 0; path = "定义大头针.app"; sourceTree = BUILT_PRODUCTS_DIR; };
		20E9CAC51DABF47200F1C732 /* main.m */ = {isa = PBXFileReference; lastKnownFileType = sourcecode.c.objc; path = main.m; sourceTree = "<group>"; };
		20E9CAC71DABF47200F1C732 /* AppDelegate.h */ = {isa = PBXFileReference; lastKnownFileType = sourcecode.c.h; path = AppDelegate.h; sourceTree = "<group>"; };
		20E9CAC81DABF47200F1C732 /* AppDelegate.m */ = {isa = PBXFileReference; lastKnownFileType = sourcecode.c.objc; path = AppDelegate.m; sourceTree = "<group>"; };
		20E9CACA1DABF47200F1C732 /* ViewController.h */ = {isa = PBXFileReference; lastKnownFileType = sourcecode.c.h; path = ViewController.h; sourceTree = "<group>"; };
		20E9CACB1DABF47200F1C732 /* ViewController.m */ = {isa = PBXFileReference; lastKnownFileType = sourcecode.c.objc; path = ViewController.m; sourceTree = "<group>"; };
		20E9CACE1DABF47200F1C732 /* Base */ = {isa = PBXFileReference; lastKnownFileType = file.storyboard; name = Base; path = Base.lproj/Main.storyboard; sourceTree = "<group>"; };
		20E9CAD01DABF47200F1C732 /* Assets.xcassets */ = {isa = PBXFileReference; lastKnownFileType = folder.assetcatalog; path = Assets.xcassets; sourceTree = "<group>"; };
		20E9CAD31DABF47200F1C732 /* Base */ = {isa = PBXFileReference; lastKnownFileType = file.storyboard; name = Base; path = Base.lproj/LaunchScreen.storyboard; sourceTree = "<group>"; };
		20E9CAD51DABF47200F1C732 /* Info.plist */ = {isa = PBXFileReference; lastKnownFileType = text.plist.xml; path = Info.plist; sourceTree = "<group>"; };
		20E9CADB1DABF49200F1C732 /* MapKit.framework */ = {isa = PBXFileReference; lastKnownFileType = wrapper.framework; name = MapKit.framework; path = System/Library/Frameworks/MapKit.framework; sourceTree = SDKROOT; };
		20E9CADD1DABF9B800F1C732 /* HMAnnotion.h */ = {isa = PBXFileReference; fileEncoding = 4; lastKnownFileType = sourcecode.c.h; path = HMAnnotion.h; sourceTree = "<group>"; };
		20E9CADE1DABF9B800F1C732 /* HMAnnotion.m */ = {isa = PBXFileReference; fileEncoding = 4; lastKnownFileType = sourcecode.c.objc; path = HMAnnotion.m; sourceTree = "<group>"; };
/* End PBXFileReference section */

/* Begin PBXFrameworksBuildPhase section */
		20E9CABE1DABF47200F1C732 /* Frameworks */ = {
			isa = PBXFrameworksBuildPhase;
			buildActionMask = 2147483647;
			files = (
				20E9CADC1DABF49200F1C732 /* MapKit.framework in Frameworks */,
			);
			runOnlyForDeploymentPostprocessing = 0;
		};
/* End PBXFrameworksBuildPhase section */

/* Begin PBXGroup section */
		20E9CAB81DABF47200F1C732 = {
			isa = PBXGroup;
			children = (
				20E9CADB1DABF49200F1C732 /* MapKit.framework */,
				20E9CAC31DABF47200F1C732 /* 定义大头针 */,
				20E9CAC21DABF47200F1C732 /* Products */,
			);
			sourceTree = "<group>";
		};
		20E9CAC21DABF47200F1C732 /* Products */ = {
			isa = PBXGroup;
			children = (
				20E9CAC11DABF47200F1C732 /* 定义大头针.app */,
			);
			name = Products;
			sourceTree = "<group>";
		};
		20E9CAC31DABF47200F1C732 /* 定义大头针 */ = {
			isa = PBXGroup;
			children = (
				20E9CAC71DABF47200F1C732 /* AppDelegate.h */,
				20E9CAC81DABF47200F1C732 /* AppDelegate.m */,
				20E9CACA1DABF47200F1C732 /* ViewController.h */,
				20E9CACB1DABF47200F1C732 /* ViewController.m */,
				20E9CADD1DABF9B800F1C732 /* HMAnnotion.h */,
				20E9CADE1DABF9B800F1C732 /* HMAnnotion.m */,
				20E9CACD1DABF47200F1C732 /* Main.storyboard */,
				20E9CAD01DABF47200F1C732 /* Assets.xcassets */,
				20E9CAD21DABF47200F1C732 /* LaunchScreen.storyboard */,
				20E9CAD51DABF47200F1C732 /* Info.plist */,
				20E9CAC41DABF47200F1C732 /* Supporting Files */,
			);
			path = "定义大头针";
			sourceTree = "<group>";
		};
		20E9CAC41DABF47200F1C732 /* Supporting Files */ = {
			isa = PBXGroup;
			children = (
				20E9CAC51DABF47200F1C732 /* main.m */,
			);
			name = "Supporting Files";
			sourceTree = "<group>";
		};
/* End PBXGroup section */

/* Begin PBXNativeTarget section */
		20E9CAC01DABF47200F1C732 /* 定义大头针 */ = {
			isa = PBXNativeTarget;
			buildConfigurationList = 20E9CAD81DABF47200F1C732 /* Build configuration list for PBXNativeTarget "定义大头针" */;
			buildPhases = (
				20E9CABD1DABF47200F1C732 /* Sources */,
				20E9CABE1DABF47200F1C732 /* Frameworks */,
				20E9CABF1DABF47200F1C732 /* Resources */,
			);
			buildRules = (
			);
			dependencies = (
			);
			name = "定义大头针";
			productName = "定义大头针";
			productReference = 20E9CAC11DABF47200F1C732 /* 定义大头针.app */;
			productType = "com.apple.product-type.application";
		};
/* End PBXNativeTarget section */

/* Begin PBXProject section */
		20E9CAB91DABF47200F1C732 /* Project object */ = {
			isa = PBXProject;
			attributes = {
				LastUpgradeCheck = 0730;
				ORGANIZATIONNAME = HM;
				TargetAttributes = {
					20E9CAC01DABF47200F1C732 = {
						CreatedOnToolsVersion = 7.3.1;
					};
				};
			};
			buildConfigurationList = 20E9CABC1DABF47200F1C732 /* Build configuration list for PBXProject "定义大头针" */;
			compatibilityVersion = "Xcode 3.2";
			developmentRegion = English;
			hasScannedForEncodings = 0;
			knownRegions = (
				en,
				Base,
			);
			mainGroup = 20E9CAB81DABF47200F1C732;
			productRefGroup = 20E9CAC21DABF47200F1C732 /* Products */;
			projectDirPath = "";
			projectRoot = "";
			targets = (
				20E9CAC01DABF47200F1C732 /* 定义大头针 */,
			);
		};
/* End PBXProject section */

/* Begin PBXResourcesBuildPhase section */
		20E9CABF1DABF47200F1C732 /* Resources */ = {
			isa = PBXResourcesBuildPhase;
			buildActionMask = 2147483647;
			files = (
				20E9CAD41DABF47200F1C732 /* LaunchScreen.storyboard in Resources */,
				20E9CAD11DABF47200F1C732 /* Assets.xcassets in Resources */,
				20E9CACF1DABF47200F1C732 /* Main.storyboard in Resources */,
			);
			runOnlyForDeploymentPostprocessing = 0;
		};
/* End PBXResourcesBuildPhase section */

/* Begin PBXSourcesBuildPhase section */
		20E9CABD1DABF47200F1C732 /* Sources */ = {
			isa = PBXSourcesBuildPhase;
			buildActionMask = 2147483647;
			files = (
				20E9CACC1DABF47200F1C732 /* ViewController.m in Sources */,
				20E9CAC91DABF47200F1C732 /* AppDelegate.m in Sources */,
				20E9CADF1DABF9B800F1C732 /* HMAnnotion.m in Sources */,
				20E9CAC61DABF47200F1C732 /* main.m in Sources */,
			);
			runOnlyForDeploymentPostprocessing = 0;
		};
/* End PBXSourcesBuildPhase section */

/* Begin PBXVariantGroup section */
		20E9CACD1DABF47200F1C732 /* Main.storyboard */ = {
			isa = PBXVariantGroup;
			children = (
				20E9CACE1DABF47200F1C732 /* Base */,
			);
			name = Main.storyboard;
			sourceTree = "<group>";
		};
		20E9CAD21DABF47200F1C732 /* LaunchScreen.storyboard */ = {
			isa = PBXVariantGroup;
			children = (
				20E9CAD31DABF47200F1C732 /* Base */,
			);
			name = LaunchScreen.storyboard;
			sourceTree = "<group>";
		};
/* End PBXVariantGroup section */

/* Begin XCBuildConfiguration section */
		20E9CAD61DABF47200F1C732 /* Debug */ = {
			isa = XCBuildConfiguration;
			buildSettings = {
				ALWAYS_SEARCH_USER_PATHS = NO;
				CLANG_ANALYZER_NONNULL = YES;
				CLANG_CXX_LANGUAGE_STANDARD = "gnu++0x";
				CLANG_CXX_LIBRARY = "libc++";
				CLANG_ENABLE_MODULES = YES;
				CLANG_ENABLE_OBJC_ARC = YES;
				CLANG_WARN_BOOL_CONVERSION = YES;
				CLANG_WARN_CONSTANT_CONVERSION = YES;
				CLANG_WARN_DIRECT_OBJC_ISA_USAGE = YES_ERROR;
				CLANG_WARN_EMPTY_BODY = YES;
				CLANG_WARN_ENUM_CONVERSION = YES;
				CLANG_WARN_INT_CONVERSION = YES;
				CLANG_WARN_OBJC_ROOT_CLASS = YES_ERROR;
				CLANG_WARN_UNREACHABLE_CODE = YES;
				CLANG_WARN__DUPLICATE_METHOD_MATCH = YES;
				"CODE_SIGN_IDENTITY[sdk=iphoneos*]" = "iPhone Developer";
				COPY_PHASE_STRIP = NO;
				DEBUG_INFORMATION_FORMAT = dwarf;
				ENABLE_STRICT_OBJC_MSGSEND = YES;
				ENABLE_TESTABILITY = YES;
				GCC_C_LANGUAGE_STANDARD = gnu99;
				GCC_DYNAMIC_NO_PIC = NO;
				GCC_NO_COMMON_BLOCKS = YES;
				GCC_OPTIMIZATION_LEVEL = 0;
				GCC_PREPROCESSOR_DEFINITIONS = (
					"DEBUG=1",
					"$(inherited)",
				);
				GCC_WARN_64_TO_32_BIT_CONVERSION = YES;
				GCC_WARN_ABOUT_RETURN_TYPE = YES_ERROR;
				GCC_WARN_UNDECLARED_SELECTOR = YES;
				GCC_WARN_UNINITIALIZED_AUTOS = YES_AGGRESSIVE;
				GCC_WARN_UNUSED_FUNCTION = YES;
				GCC_WARN_UNUSED_VARIABLE = YES;
				IPHONEOS_DEPLOYMENT_TARGET = 9.3;
				MTL_ENABLE_DEBUG_INFO = YES;
				ONLY_ACTIVE_ARCH = YES;
				SDKROOT = iphoneos;
			};
			name = Debug;
		};
		20E9CAD71DABF47200F1C732 /* Release */ = {
			isa = XCBuildConfiguration;
			buildSettings = {
				ALWAYS_SEARCH_USER_PATHS = NO;
				CLANG_ANALYZER_NONNULL = YES;
				CLANG_CXX_LANGUAGE_STANDARD = "gnu++0x";
				CLANG_CXX_LIBRARY = "libc++";
				CLANG_ENABLE_MODULES = YES;
				CLANG_ENABLE_OBJC_ARC = YES;
				CLANG_WARN_BOOL_CONVERSION = YES;
				CLANG_WARN_CONSTANT_CONVERSION = YES;
				CLANG_WARN_DIRECT_OBJC_ISA_USAGE = YES_ERROR;
				CLANG_WARN_EMPTY_BODY = YES;
				CLANG_WARN_ENUM_CONVERSION = YES;
				CLANG_WARN_INT_CONVERSION = YES;
				CLANG_WARN_OBJC_ROOT_CLASS = YES_ERROR;
				CLANG_WARN_UNREACHABLE_CODE = YES;
				CLANG_WARN__DUPLICATE_METHOD_MATCH = YES;
				"CODE_SIGN_IDENTITY[sdk=iphoneos*]" = "iPhone Developer";
				COPY_PHASE_STRIP = NO;
				DEBUG_INFORMATION_FORMAT = "dwarf-with-dsym";
				ENABLE_NS_ASSERTIONS = NO;
				ENABLE_STRICT_OBJC_MSGSEND = YES;
				GCC_C_LANGUAGE_STANDARD = gnu99;
				GCC_NO_COMMON_BLOCKS = YES;
				GCC_WARN_64_TO_32_BIT_CONVERSION = YES;
				GCC_WARN_ABOUT_RETURN_TYPE = YES_ERROR;
				GCC_WARN_UNDECLARED_SELECTOR = YES;
				GCC_WARN_UNINITIALIZED_AUTOS = YES_AGGRESSIVE;
				GCC_WARN_UNUSED_FUNCTION = YES;
				GCC_WARN_UNUSED_VARIABLE = YES;
				IPHONEOS_DEPLOYMENT_TARGET = 9.3;
				MTL_ENABLE_DEBUG_INFO = NO;
				SDKROOT = iphoneos;
				VALIDATE_PRODUCT = YES;
			};
			name = Release;
		};
		20E9CAD91DABF47200F1C732 /* Debug */ = {
			isa = XCBuildConfiguration;
			buildSettings = {
				ASSETCATALOG_COMPILER_APPICON_NAME = AppIcon;
				INFOPLIST_FILE = "定义大头针/Info.plist";
				LD_RUNPATH_SEARCH_PATHS = "$(inherited) @executable_path/Frameworks";
				PRODUCT_BUNDLE_IDENTIFIER = "cn.itheima.-----";
				PRODUCT_NAME = "$(TARGET_NAME)";
			};
			name = Debug;
		};
		20E9CADA1DABF47200F1C732 /* Release */ = {
			isa = XCBuildConfiguration;
			buildSettings = {
				ASSETCATALOG_COMPILER_APPICON_NAME = AppIcon;
				INFOPLIST_FILE = "定义大头针/Info.plist";
				LD_RUNPATH_SEARCH_PATHS = "$(inherited) @executable_path/Frameworks";
				PRODUCT_BUNDLE_IDENTIFIER = "cn.itheima.-----";
				PRODUCT_NAME = "$(TARGET_NAME)";
			};
			name = Release;
		};
/* End XCBuildConfiguration section */

/* Begin XCConfigurationList section */
		20E9CABC1DABF47200F1C732 /* Build configuration list for PBXProject "定义大头针" */ = {
			isa = XCConfigurationList;
			buildConfigurations = (
				20E9CAD61DABF47200F1C732 /* Debug */,
				20E9CAD71DABF47200F1C732 /* Release */,
			);
			defaultConfigurationIsVisible = 0;
			defaultConfigurationName = Release;
		};
		20E9CAD81DABF47200F1C732 /* Build configuration list for PBXNativeTarget "定义大头针" */ = {
			isa = XCConfigurationList;
			buildConfigurations = (
				20E9CAD91DABF47200F1C732 /* Debug */,
				20E9CADA1DABF47200F1C732 /* Release */,
			);
			defaultConfigurationIsVisible = 0;
		};
/* End XCConfigurationList section */
	};
	rootObject = 20E9CAB91DABF47200F1C732 /* Project object */;
}
