// !$*UTF8*$!
{
	archiveVersion = 1;
	classes = {
	};
	objectVersion = 46;
	objects = {

/* Begin PBXBuildFile section */
		20EF32711DAF458E00E7C01A /* main.m in Sources */ = {isa = PBXBuildFile; fileRef = 20EF32701DAF458E00E7C01A /* main.m */; };
		20EF32741DAF458E00E7C01A /* AppDelegate.m in Sources */ = {isa = PBXBuildFile; fileRef = 20EF32731DAF458E00E7C01A /* AppDelegate.m */; };
		20EF32771DAF458E00E7C01A /* ViewController.m in Sources */ = {isa = PBXBuildFile; fileRef = 20EF32761DAF458E00E7C01A /* ViewController.m */; };
		20EF327A1DAF458E00E7C01A /* Main.storyboard in Resources */ = {isa = PBXBuildFile; fileRef = 20EF32781DAF458E00E7C01A /* Main.storyboard */; };
		20EF327C1DAF458E00E7C01A /* Assets.xcassets in Resources */ = {isa = PBXBuildFile; fileRef = 20EF327B1DAF458E00E7C01A /* Assets.xcassets */; };
		20EF327F1DAF458E00E7C01A /* LaunchScreen.storyboard in Resources */ = {isa = PBXBuildFile; fileRef = 20EF327D1DAF458E00E7C01A /* LaunchScreen.storyboard */; };
		20EF32A71DAF45BD00E7C01A /* libSocialSina.a in Frameworks */ = {isa = PBXBuildFile; fileRef = 20EF32891DAF45BC00E7C01A /* libSocialSina.a */; };
		20EF32A81DAF45BD00E7C01A /* libWeiboSDK.a in Frameworks */ = {isa = PBXBuildFile; fileRef = 20EF328A1DAF45BC00E7C01A /* libWeiboSDK.a */; };
		20EF32A91DAF45BD00E7C01A /* WeiboSDK.bundle in Resources */ = {isa = PBXBuildFile; fileRef = 20EF32951DAF45BD00E7C01A /* WeiboSDK.bundle */; };
		20EF32AA1DAF45BD00E7C01A /* UMSocialCore.framework in Frameworks */ = {isa = PBXBuildFile; fileRef = 20EF32991DAF45BD00E7C01A /* UMSocialCore.framework */; };
		20EF32AB1DAF45BD00E7C01A /* UMSocialNetwork.framework in Frameworks */ = {isa = PBXBuildFile; fileRef = 20EF329A1DAF45BD00E7C01A /* UMSocialNetwork.framework */; };
		20EF32AC1DAF45BD00E7C01A /* UMSocialLocalizable.strings in Resources */ = {isa = PBXBuildFile; fileRef = 20EF329D1DAF45BD00E7C01A /* UMSocialLocalizable.strings */; };
		20EF32AD1DAF45BD00E7C01A /* UMSocialSDKResources.bundle in Resources */ = {isa = PBXBuildFile; fileRef = 20EF329E1DAF45BD00E7C01A /* UMSocialSDKResources.bundle */; };
		20EF32AE1DAF45BD00E7C01A /* UMShareMenuItem.m in Sources */ = {isa = PBXBuildFile; fileRef = 20EF32A01DAF45BD00E7C01A /* UMShareMenuItem.m */; };
		20EF32AF1DAF45BD00E7C01A /* UMShareMenuSelectionView.m in Sources */ = {isa = PBXBuildFile; fileRef = 20EF32A21DAF45BD00E7C01A /* UMShareMenuSelectionView.m */; };
		20EF32B01DAF45BD00E7C01A /* UMSocialShareScrollView.m in Sources */ = {isa = PBXBuildFile; fileRef = 20EF32A41DAF45BD00E7C01A /* UMSocialShareScrollView.m */; };
		20EF32B11DAF45BD00E7C01A /* UMSocialUIManager.m in Sources */ = {isa = PBXBuildFile; fileRef = 20EF32A61DAF45BD00E7C01A /* UMSocialUIManager.m */; };
		20EF32B31DAF461C00E7C01A /* SystemConfiguration.framework in Frameworks */ = {isa = PBXBuildFile; fileRef = 20EF32B21DAF461C00E7C01A /* SystemConfiguration.framework */; };
		20EF32B51DAF463C00E7C01A /* CoreTelephony.framework in Frameworks */ = {isa = PBXBuildFile; fileRef = 20EF32B41DAF463C00E7C01A /* CoreTelephony.framework */; };
		20EF32B71DAF464500E7C01A /* ImageIO.framework in Frameworks */ = {isa = PBXBuildFile; fileRef = 20EF32B61DAF464500E7C01A /* ImageIO.framework */; };
		20EF32B91DAF465200E7C01A /* libsqlite3.tbd in Frameworks */ = {isa = PBXBuildFile; fileRef = 20EF32B81DAF465200E7C01A /* libsqlite3.tbd */; };
		20EF32BB1DAF465B00E7C01A /* libz.tbd in Frameworks */ = {isa = PBXBuildFile; fileRef = 20EF32BA1DAF465B00E7C01A /* libz.tbd */; };
/* End PBXBuildFile section */

/* Begin PBXFileReference section */
		20EF326C1DAF458E00E7C01A /* youmeng.app */ = {isa = PBXFileReference; explicitFileType = wrapper.application; includeInIndex = 0; path = youmeng.app; sourceTree = BUILT_PRODUCTS_DIR; };
		20EF32701DAF458E00E7C01A /* main.m */ = {isa = PBXFileReference; lastKnownFileType = sourcecode.c.objc; path = main.m; sourceTree = "<group>"; };
		20EF32721DAF458E00E7C01A /* AppDelegate.h */ = {isa = PBXFileReference; lastKnownFileType = sourcecode.c.h; path = AppDelegate.h; sourceTree = "<group>"; };
		20EF32731DAF458E00E7C01A /* AppDelegate.m */ = {isa = PBXFileReference; lastKnownFileType = sourcecode.c.objc; path = AppDelegate.m; sourceTree = "<group>"; };
		20EF32751DAF458E00E7C01A /* ViewController.h */ = {isa = PBXFileReference; lastKnownFileType = sourcecode.c.h; path = ViewController.h; sourceTree = "<group>"; };
		20EF32761DAF458E00E7C01A /* ViewController.m */ = {isa = PBXFileReference; lastKnownFileType = sourcecode.c.objc; path = ViewController.m; sourceTree = "<group>"; };
		20EF32791DAF458E00E7C01A /* Base */ = {isa = PBXFileReference; lastKnownFileType = file.storyboard; name = Base; path = Base.lproj/Main.storyboard; sourceTree = "<group>"; };
		20EF327B1DAF458E00E7C01A /* Assets.xcassets */ = {isa = PBXFileReference; lastKnownFileType = folder.assetcatalog; path = Assets.xcassets; sourceTree = "<group>"; };
		20EF327E1DAF458E00E7C01A /* Base */ = {isa = PBXFileReference; lastKnownFileType = file.storyboard; name = Base; path = Base.lproj/LaunchScreen.storyboard; sourceTree = "<group>"; };
		20EF32801DAF458E00E7C01A /* Info.plist */ = {isa = PBXFileReference; lastKnownFileType = text.plist.xml; path = Info.plist; sourceTree = "<group>"; };
		20EF32891DAF45BC00E7C01A /* libSocialSina.a */ = {isa = PBXFileReference; lastKnownFileType = archive.ar; path = libSocialSina.a; sourceTree = "<group>"; };
		20EF328A1DAF45BC00E7C01A /* libWeiboSDK.a */ = {isa = PBXFileReference; lastKnownFileType = archive.ar; path = libWeiboSDK.a; sourceTree = "<group>"; };
		20EF328B1DAF45BC00E7C01A /* UMSocialSinaHandler.h */ = {isa = PBXFileReference; fileEncoding = 4; lastKnownFileType = sourcecode.c.h; path = UMSocialSinaHandler.h; sourceTree = "<group>"; };
		20EF328C1DAF45BC00E7C01A /* WBHttpRequest+WeiboGame.h */ = {isa = PBXFileReference; fileEncoding = 4; lastKnownFileType = sourcecode.c.h; path = "WBHttpRequest+WeiboGame.h"; sourceTree = "<group>"; };
		20EF328D1DAF45BC00E7C01A /* WBHttpRequest+WeiboShare.h */ = {isa = PBXFileReference; fileEncoding = 4; lastKnownFileType = sourcecode.c.h; path = "WBHttpRequest+WeiboShare.h"; sourceTree = "<group>"; };
		20EF328E1DAF45BC00E7C01A /* WBHttpRequest+WeiboToken.h */ = {isa = PBXFileReference; fileEncoding = 4; lastKnownFileType = sourcecode.c.h; path = "WBHttpRequest+WeiboToken.h"; sourceTree = "<group>"; };
		20EF328F1DAF45BC00E7C01A /* WBHttpRequest+WeiboUser.h */ = {isa = PBXFileReference; fileEncoding = 4; lastKnownFileType = sourcecode.c.h; path = "WBHttpRequest+WeiboUser.h"; sourceTree = "<group>"; };
		20EF32901DAF45BC00E7C01A /* WBHttpRequest.h */ = {isa = PBXFileReference; fileEncoding = 4; lastKnownFileType = sourcecode.c.h; path = WBHttpRequest.h; sourceTree = "<group>"; };
		20EF32911DAF45BC00E7C01A /* WBSDKBasicButton.h */ = {isa = PBXFileReference; fileEncoding = 4; lastKnownFileType = sourcecode.c.h; path = WBSDKBasicButton.h; sourceTree = "<group>"; };
		20EF32921DAF45BC00E7C01A /* WBSDKCommentButton.h */ = {isa = PBXFileReference; fileEncoding = 4; lastKnownFileType = sourcecode.c.h; path = WBSDKCommentButton.h; sourceTree = "<group>"; };
		20EF32931DAF45BC00E7C01A /* WBSDKRelationshipButton.h */ = {isa = PBXFileReference; fileEncoding = 4; lastKnownFileType = sourcecode.c.h; path = WBSDKRelationshipButton.h; sourceTree = "<group>"; };
		20EF32941DAF45BC00E7C01A /* WeiboSDK+Statistics.h */ = {isa = PBXFileReference; fileEncoding = 4; lastKnownFileType = sourcecode.c.h; path = "WeiboSDK+Statistics.h"; sourceTree = "<group>"; };
		20EF32951DAF45BD00E7C01A /* WeiboSDK.bundle */ = {isa = PBXFileReference; lastKnownFileType = "wrapper.plug-in"; path = WeiboSDK.bundle; sourceTree = "<group>"; };
		20EF32961DAF45BD00E7C01A /* WeiboSDK.h */ = {isa = PBXFileReference; fileEncoding = 4; lastKnownFileType = sourcecode.c.h; path = WeiboSDK.h; sourceTree = "<group>"; };
		20EF32971DAF45BD00E7C01A /* WeiboUser.h */ = {isa = PBXFileReference; fileEncoding = 4; lastKnownFileType = sourcecode.c.h; path = WeiboUser.h; sourceTree = "<group>"; };
		20EF32991DAF45BD00E7C01A /* UMSocialCore.framework */ = {isa = PBXFileReference; lastKnownFileType = wrapper.framework; path = UMSocialCore.framework; sourceTree = "<group>"; };
		20EF329A1DAF45BD00E7C01A /* UMSocialNetwork.framework */ = {isa = PBXFileReference; lastKnownFileType = wrapper.framework; path = UMSocialNetwork.framework; sourceTree = "<group>"; };
		20EF329D1DAF45BD00E7C01A /* UMSocialLocalizable.strings */ = {isa = PBXFileReference; fileEncoding = 4; lastKnownFileType = text.plist.strings; path = UMSocialLocalizable.strings; sourceTree = "<group>"; };
		20EF329E1DAF45BD00E7C01A /* UMSocialSDKResources.bundle */ = {isa = PBXFileReference; lastKnownFileType = "wrapper.plug-in"; path = UMSocialSDKResources.bundle; sourceTree = "<group>"; };
		20EF329F1DAF45BD00E7C01A /* UMShareMenuItem.h */ = {isa = PBXFileReference; fileEncoding = 4; lastKnownFileType = sourcecode.c.h; path = UMShareMenuItem.h; sourceTree = "<group>"; };
		20EF32A01DAF45BD00E7C01A /* UMShareMenuItem.m */ = {isa = PBXFileReference; fileEncoding = 4; lastKnownFileType = sourcecode.c.objc; path = UMShareMenuItem.m; sourceTree = "<group>"; };
		20EF32A11DAF45BD00E7C01A /* UMShareMenuSelectionView.h */ = {isa = PBXFileReference; fileEncoding = 4; lastKnownFileType = sourcecode.c.h; path = UMShareMenuSelectionView.h; sourceTree = "<group>"; };
		20EF32A21DAF45BD00E7C01A /* UMShareMenuSelectionView.m */ = {isa = PBXFileReference; fileEncoding = 4; lastKnownFileType = sourcecode.c.objc; path = UMShareMenuSelectionView.m; sourceTree = "<group>"; };
		20EF32A31DAF45BD00E7C01A /* UMSocialShareScrollView.h */ = {isa = PBXFileReference; fileEncoding = 4; lastKnownFileType = sourcecode.c.h; path = UMSocialShareScrollView.h; sourceTree = "<group>"; };
		20EF32A41DAF45BD00E7C01A /* UMSocialShareScrollView.m */ = {isa = PBXFileReference; fileEncoding = 4; lastKnownFileType = sourcecode.c.objc; path = UMSocialShareScrollView.m; sourceTree = "<group>"; };
		20EF32A51DAF45BD00E7C01A /* UMSocialUIManager.h */ = {isa = PBXFileReference; fileEncoding = 4; lastKnownFileType = sourcecode.c.h; path = UMSocialUIManager.h; sourceTree = "<group>"; };
		20EF32A61DAF45BD00E7C01A /* UMSocialUIManager.m */ = {isa = PBXFileReference; fileEncoding = 4; lastKnownFileType = sourcecode.c.objc; path = UMSocialUIManager.m; sourceTree = "<group>"; };
		20EF32B21DAF461C00E7C01A /* SystemConfiguration.framework */ = {isa = PBXFileReference; lastKnownFileType = wrapper.framework; name = SystemConfiguration.framework; path = System/Library/Frameworks/SystemConfiguration.framework; sourceTree = SDKROOT; };
		20EF32B41DAF463C00E7C01A /* CoreTelephony.framework */ = {isa = PBXFileReference; lastKnownFileType = wrapper.framework; name = CoreTelephony.framework; path = System/Library/Frameworks/CoreTelephony.framework; sourceTree = SDKROOT; };
		20EF32B61DAF464500E7C01A /* ImageIO.framework */ = {isa = PBXFileReference; lastKnownFileType = wrapper.framework; name = ImageIO.framework; path = System/Library/Frameworks/ImageIO.framework; sourceTree = SDKROOT; };
		20EF32B81DAF465200E7C01A /* libsqlite3.tbd */ = {isa = PBXFileReference; lastKnownFileType = "sourcecode.text-based-dylib-definition"; name = libsqlite3.tbd; path = usr/lib/libsqlite3.tbd; sourceTree = SDKROOT; };
		20EF32BA1DAF465B00E7C01A /* libz.tbd */ = {isa = PBXFileReference; lastKnownFileType = "sourcecode.text-based-dylib-definition"; name = libz.tbd; path = usr/lib/libz.tbd; sourceTree = SDKROOT; };
/* End PBXFileReference section */

/* Begin PBXFrameworksBuildPhase section */
		20EF32691DAF458E00E7C01A /* Frameworks */ = {
			isa = PBXFrameworksBuildPhase;
			buildActionMask = 2147483647;
			files = (
				20EF32BB1DAF465B00E7C01A /* libz.tbd in Frameworks */,
				20EF32B91DAF465200E7C01A /* libsqlite3.tbd in Frameworks */,
				20EF32B71DAF464500E7C01A /* ImageIO.framework in Frameworks */,
				20EF32B51DAF463C00E7C01A /* CoreTelephony.framework in Frameworks */,
				20EF32B31DAF461C00E7C01A /* SystemConfiguration.framework in Frameworks */,
				20EF32AB1DAF45BD00E7C01A /* UMSocialNetwork.framework in Frameworks */,
				20EF32A71DAF45BD00E7C01A /* libSocialSina.a in Frameworks */,
				20EF32AA1DAF45BD00E7C01A /* UMSocialCore.framework in Frameworks */,
				20EF32A81DAF45BD00E7C01A /* libWeiboSDK.a in Frameworks */,
			);
			runOnlyForDeploymentPostprocessing = 0;
		};
/* End PBXFrameworksBuildPhase section */

/* Begin PBXGroup section */
		20EF32631DAF458E00E7C01A = {
			isa = PBXGroup;
			children = (
				20EF32BA1DAF465B00E7C01A /* libz.tbd */,
				20EF32B81DAF465200E7C01A /* libsqlite3.tbd */,
				20EF32B61DAF464500E7C01A /* ImageIO.framework */,
				20EF32B41DAF463C00E7C01A /* CoreTelephony.framework */,
				20EF32B21DAF461C00E7C01A /* SystemConfiguration.framework */,
				20EF326E1DAF458E00E7C01A /* youmeng */,
				20EF326D1DAF458E00E7C01A /* Products */,
			);
			sourceTree = "<group>";
		};
		20EF326D1DAF458E00E7C01A /* Products */ = {
			isa = PBXGroup;
			children = (
				20EF326C1DAF458E00E7C01A /* youmeng.app */,
			);
			name = Products;
			sourceTree = "<group>";
		};
		20EF326E1DAF458E00E7C01A /* youmeng */ = {
			isa = PBXGroup;
			children = (
				20EF32861DAF45BC00E7C01A /* UMSocial */,
				20EF32721DAF458E00E7C01A /* AppDelegate.h */,
				20EF32731DAF458E00E7C01A /* AppDelegate.m */,
				20EF32751DAF458E00E7C01A /* ViewController.h */,
				20EF32761DAF458E00E7C01A /* ViewController.m */,
				20EF32781DAF458E00E7C01A /* Main.storyboard */,
				20EF327B1DAF458E00E7C01A /* Assets.xcassets */,
				20EF327D1DAF458E00E7C01A /* LaunchScreen.storyboard */,
				20EF32801DAF458E00E7C01A /* Info.plist */,
				20EF326F1DAF458E00E7C01A /* Supporting Files */,
			);
			path = youmeng;
			sourceTree = "<group>";
		};
		20EF326F1DAF458E00E7C01A /* Supporting Files */ = {
			isa = PBXGroup;
			children = (
				20EF32701DAF458E00E7C01A /* main.m */,
			);
			name = "Supporting Files";
			sourceTree = "<group>";
		};
		20EF32861DAF45BC00E7C01A /* UMSocial */ = {
			isa = PBXGroup;
			children = (
				20EF32871DAF45BC00E7C01A /* SocialLibraries */,
				20EF32981DAF45BD00E7C01A /* UMSocialSDK */,
				20EF329B1DAF45BD00E7C01A /* UMSocialUI */,
			);
			path = UMSocial;
			sourceTree = "<group>";
		};
		20EF32871DAF45BC00E7C01A /* SocialLibraries */ = {
			isa = PBXGroup;
			children = (
				20EF32881DAF45BC00E7C01A /* Sina */,
			);
			path = SocialLibraries;
			sourceTree = "<group>";
		};
		20EF32881DAF45BC00E7C01A /* Sina */ = {
			isa = PBXGroup;
			children = (
				20EF32891DAF45BC00E7C01A /* libSocialSina.a */,
				20EF328A1DAF45BC00E7C01A /* libWeiboSDK.a */,
				20EF328B1DAF45BC00E7C01A /* UMSocialSinaHandler.h */,
				20EF328C1DAF45BC00E7C01A /* WBHttpRequest+WeiboGame.h */,
				20EF328D1DAF45BC00E7C01A /* WBHttpRequest+WeiboShare.h */,
				20EF328E1DAF45BC00E7C01A /* WBHttpRequest+WeiboToken.h */,
				20EF328F1DAF45BC00E7C01A /* WBHttpRequest+WeiboUser.h */,
				20EF32901DAF45BC00E7C01A /* WBHttpRequest.h */,
				20EF32911DAF45BC00E7C01A /* WBSDKBasicButton.h */,
				20EF32921DAF45BC00E7C01A /* WBSDKCommentButton.h */,
				20EF32931DAF45BC00E7C01A /* WBSDKRelationshipButton.h */,
				20EF32941DAF45BC00E7C01A /* WeiboSDK+Statistics.h */,
				20EF32951DAF45BD00E7C01A /* WeiboSDK.bundle */,
				20EF32961DAF45BD00E7C01A /* WeiboSDK.h */,
				20EF32971DAF45BD00E7C01A /* WeiboUser.h */,
			);
			path = Sina;
			sourceTree = "<group>";
		};
		20EF32981DAF45BD00E7C01A /* UMSocialSDK */ = {
			isa = PBXGroup;
			children = (
				20EF32991DAF45BD00E7C01A /* UMSocialCore.framework */,
				20EF329A1DAF45BD00E7C01A /* UMSocialNetwork.framework */,
			);
			path = UMSocialSDK;
			sourceTree = "<group>";
		};
		20EF329B1DAF45BD00E7C01A /* UMSocialUI */ = {
			isa = PBXGroup;
			children = (
				20EF329C1DAF45BD00E7C01A /* Resource */,
				20EF329F1DAF45BD00E7C01A /* UMShareMenuItem.h */,
				20EF32A01DAF45BD00E7C01A /* UMShareMenuItem.m */,
				20EF32A11DAF45BD00E7C01A /* UMShareMenuSelectionView.h */,
				20EF32A21DAF45BD00E7C01A /* UMShareMenuSelectionView.m */,
				20EF32A31DAF45BD00E7C01A /* UMSocialShareScrollView.h */,
				20EF32A41DAF45BD00E7C01A /* UMSocialShareScrollView.m */,
				20EF32A51DAF45BD00E7C01A /* UMSocialUIManager.h */,
				20EF32A61DAF45BD00E7C01A /* UMSocialUIManager.m */,
			);
			path = UMSocialUI;
			sourceTree = "<group>";
		};
		20EF329C1DAF45BD00E7C01A /* Resource */ = {
			isa = PBXGroup;
			children = (
				20EF329D1DAF45BD00E7C01A /* UMSocialLocalizable.strings */,
				20EF329E1DAF45BD00E7C01A /* UMSocialSDKResources.bundle */,
			);
			path = Resource;
			sourceTree = "<group>";
		};
/* End PBXGroup section */

/* Begin PBXNativeTarget section */
		20EF326B1DAF458E00E7C01A /* youmeng */ = {
			isa = PBXNativeTarget;
			buildConfigurationList = 20EF32831DAF458E00E7C01A /* Build configuration list for PBXNativeTarget "youmeng" */;
			buildPhases = (
				20EF32681DAF458E00E7C01A /* Sources */,
				20EF32691DAF458E00E7C01A /* Frameworks */,
				20EF326A1DAF458E00E7C01A /* Resources */,
			);
			buildRules = (
			);
			dependencies = (
			);
			name = youmeng;
			productName = youmeng;
			productReference = 20EF326C1DAF458E00E7C01A /* youmeng.app */;
			productType = "com.apple.product-type.application";
		};
/* End PBXNativeTarget section */

/* Begin PBXProject section */
		20EF32641DAF458E00E7C01A /* Project object */ = {
			isa = PBXProject;
			attributes = {
				LastUpgradeCheck = 0730;
				ORGANIZATIONNAME = HM;
				TargetAttributes = {
					20EF326B1DAF458E00E7C01A = {
						CreatedOnToolsVersion = 7.3.1;
					};
				};
			};
			buildConfigurationList = 20EF32671DAF458E00E7C01A /* Build configuration list for PBXProject "youmeng" */;
			compatibilityVersion = "Xcode 3.2";
			developmentRegion = English;
			hasScannedForEncodings = 0;
			knownRegions = (
				en,
				Base,
			);
			mainGroup = 20EF32631DAF458E00E7C01A;
			productRefGroup = 20EF326D1DAF458E00E7C01A /* Products */;
			projectDirPath = "";
			projectRoot = "";
			targets = (
				20EF326B1DAF458E00E7C01A /* youmeng */,
			);
		};
/* End PBXProject section */

/* Begin PBXResourcesBuildPhase section */
		20EF326A1DAF458E00E7C01A /* Resources */ = {
			isa = PBXResourcesBuildPhase;
			buildActionMask = 2147483647;
			files = (
				20EF327F1DAF458E00E7C01A /* LaunchScreen.storyboard in Resources */,
				20EF327C1DAF458E00E7C01A /* Assets.xcassets in Resources */,
				20EF32AC1DAF45BD00E7C01A /* UMSocialLocalizable.strings in Resources */,
				20EF327A1DAF458E00E7C01A /* Main.storyboard in Resources */,
				20EF32A91DAF45BD00E7C01A /* WeiboSDK.bundle in Resources */,
				20EF32AD1DAF45BD00E7C01A /* UMSocialSDKResources.bundle in Resources */,
			);
			runOnlyForDeploymentPostprocessing = 0;
		};
/* End PBXResourcesBuildPhase section */

/* Begin PBXSourcesBuildPhase section */
		20EF32681DAF458E00E7C01A /* Sources */ = {
			isa = PBXSourcesBuildPhase;
			buildActionMask = 2147483647;
			files = (
				20EF32B01DAF45BD00E7C01A /* UMSocialShareScrollView.m in Sources */,
				20EF32771DAF458E00E7C01A /* ViewController.m in Sources */,
				20EF32AF1DAF45BD00E7C01A /* UMShareMenuSelectionView.m in Sources */,
				20EF32AE1DAF45BD00E7C01A /* UMShareMenuItem.m in Sources */,
				20EF32741DAF458E00E7C01A /* AppDelegate.m in Sources */,
				20EF32711DAF458E00E7C01A /* main.m in Sources */,
				20EF32B11DAF45BD00E7C01A /* UMSocialUIManager.m in Sources */,
			);
			runOnlyForDeploymentPostprocessing = 0;
		};
/* End PBXSourcesBuildPhase section */

/* Begin PBXVariantGroup section */
		20EF32781DAF458E00E7C01A /* Main.storyboard */ = {
			isa = PBXVariantGroup;
			children = (
				20EF32791DAF458E00E7C01A /* Base */,
			);
			name = Main.storyboard;
			sourceTree = "<group>";
		};
		20EF327D1DAF458E00E7C01A /* LaunchScreen.storyboard */ = {
			isa = PBXVariantGroup;
			children = (
				20EF327E1DAF458E00E7C01A /* Base */,
			);
			name = LaunchScreen.storyboard;
			sourceTree = "<group>";
		};
/* End PBXVariantGroup section */

/* Begin XCBuildConfiguration section */
		20EF32811DAF458E00E7C01A /* Debug */ = {
			isa = XCBuildConfiguration;
			buildSettings = {
				ALWAYS_SEARCH_USER_PATHS = NO;
				CLANG_ANALYZER_NONNULL = YES;
				CLANG_CXX_LANGUAGE_STANDARD = "gnu++0x";
				CLANG_CXX_LIBRARY = "libc++";
				CLANG_ENABLE_MODULES = YES;
				CLANG_ENABLE_OBJC_ARC = YES;
				CLANG_WARN_BOOL_CONVERSION = YES;
				CLANG_WARN_CONSTANT_CONVERSION = YES;
				CLANG_WARN_DIRECT_OBJC_ISA_USAGE = YES_ERROR;
				CLANG_WARN_EMPTY_BODY = YES;
				CLANG_WARN_ENUM_CONVERSION = YES;
				CLANG_WARN_INT_CONVERSION = YES;
				CLANG_WARN_OBJC_ROOT_CLASS = YES_ERROR;
				CLANG_WARN_UNREACHABLE_CODE = YES;
				CLANG_WARN__DUPLICATE_METHOD_MATCH = YES;
				"CODE_SIGN_IDENTITY[sdk=iphoneos*]" = "iPhone Developer";
				COPY_PHASE_STRIP = NO;
				DEBUG_INFORMATION_FORMAT = dwarf;
				ENABLE_STRICT_OBJC_MSGSEND = YES;
				ENABLE_TESTABILITY = YES;
				GCC_C_LANGUAGE_STANDARD = gnu99;
				GCC_DYNAMIC_NO_PIC = NO;
				GCC_NO_COMMON_BLOCKS = YES;
				GCC_OPTIMIZATION_LEVEL = 0;
				GCC_PREPROCESSOR_DEFINITIONS = (
					"DEBUG=1",
					"$(inherited)",
				);
				GCC_WARN_64_TO_32_BIT_CONVERSION = YES;
				GCC_WARN_ABOUT_RETURN_TYPE = YES_ERROR;
				GCC_WARN_UNDECLARED_SELECTOR = YES;
				GCC_WARN_UNINITIALIZED_AUTOS = YES_AGGRESSIVE;
				GCC_WARN_UNUSED_FUNCTION = YES;
				GCC_WARN_UNUSED_VARIABLE = YES;
				IPHONEOS_DEPLOYMENT_TARGET = 9.3;
				MTL_ENABLE_DEBUG_INFO = YES;
				ONLY_ACTIVE_ARCH = YES;
				SDKROOT = iphoneos;
			};
			name = Debug;
		};
		20EF32821DAF458E00E7C01A /* Release */ = {
			isa = XCBuildConfiguration;
			buildSettings = {
				ALWAYS_SEARCH_USER_PATHS = NO;
				CLANG_ANALYZER_NONNULL = YES;
				CLANG_CXX_LANGUAGE_STANDARD = "gnu++0x";
				CLANG_CXX_LIBRARY = "libc++";
				CLANG_ENABLE_MODULES = YES;
				CLANG_ENABLE_OBJC_ARC = YES;
				CLANG_WARN_BOOL_CONVERSION = YES;
				CLANG_WARN_CONSTANT_CONVERSION = YES;
				CLANG_WARN_DIRECT_OBJC_ISA_USAGE = YES_ERROR;
				CLANG_WARN_EMPTY_BODY = YES;
				CLANG_WARN_ENUM_CONVERSION = YES;
				CLANG_WARN_INT_CONVERSION = YES;
				CLANG_WARN_OBJC_ROOT_CLASS = YES_ERROR;
				CLANG_WARN_UNREACHABLE_CODE = YES;
				CLANG_WARN__DUPLICATE_METHOD_MATCH = YES;
				"CODE_SIGN_IDENTITY[sdk=iphoneos*]" = "iPhone Developer";
				COPY_PHASE_STRIP = NO;
				DEBUG_INFORMATION_FORMAT = "dwarf-with-dsym";
				ENABLE_NS_ASSERTIONS = NO;
				ENABLE_STRICT_OBJC_MSGSEND = YES;
				GCC_C_LANGUAGE_STANDARD = gnu99;
				GCC_NO_COMMON_BLOCKS = YES;
				GCC_WARN_64_TO_32_BIT_CONVERSION = YES;
				GCC_WARN_ABOUT_RETURN_TYPE = YES_ERROR;
				GCC_WARN_UNDECLARED_SELECTOR = YES;
				GCC_WARN_UNINITIALIZED_AUTOS = YES_AGGRESSIVE;
				GCC_WARN_UNUSED_FUNCTION = YES;
				GCC_WARN_UNUSED_VARIABLE = YES;
				IPHONEOS_DEPLOYMENT_TARGET = 9.3;
				MTL_ENABLE_DEBUG_INFO = NO;
				SDKROOT = iphoneos;
				VALIDATE_PRODUCT = YES;
			};
			name = Release;
		};
		20EF32841DAF458E00E7C01A /* Debug */ = {
			isa = XCBuildConfiguration;
			buildSettings = {
				ASSETCATALOG_COMPILER_APPICON_NAME = AppIcon;
				FRAMEWORK_SEARCH_PATHS = (
					"$(inherited)",
					"$(PROJECT_DIR)/youmeng/UMSocial/UMSocialSDK",
				);
				INFOPLIST_FILE = youmeng/Info.plist;
				LD_RUNPATH_SEARCH_PATHS = "$(inherited) @executable_path/Frameworks";
				LIBRARY_SEARCH_PATHS = (
					"$(inherited)",
					"$(PROJECT_DIR)/youmeng/UMSocial/SocialLibraries/Sina",
				);
				OTHER_LDFLAGS = "-ObjC";
				PRODUCT_BUNDLE_IDENTIFIER = cn.itheima.umeng20.youmeng;
				PRODUCT_NAME = "$(TARGET_NAME)";
			};
			name = Debug;
		};
		20EF32851DAF458E00E7C01A /* Release */ = {
			isa = XCBuildConfiguration;
			buildSettings = {
				ASSETCATALOG_COMPILER_APPICON_NAME = AppIcon;
				FRAMEWORK_SEARCH_PATHS = (
					"$(inherited)",
					"$(PROJECT_DIR)/youmeng/UMSocial/UMSocialSDK",
				);
				INFOPLIST_FILE = youmeng/Info.plist;
				LD_RUNPATH_SEARCH_PATHS = "$(inherited) @executable_path/Frameworks";
				LIBRARY_SEARCH_PATHS = (
					"$(inherited)",
					"$(PROJECT_DIR)/youmeng/UMSocial/SocialLibraries/Sina",
				);
				OTHER_LDFLAGS = "-ObjC";
				PRODUCT_BUNDLE_IDENTIFIER = cn.itheima.umeng20.youmeng;
				PRODUCT_NAME = "$(TARGET_NAME)";
			};
			name = Release;
		};
/* End XCBuildConfiguration section */

/* Begin XCConfigurationList section */
		20EF32671DAF458E00E7C01A /* Build configuration list for PBXProject "youmeng" */ = {
			isa = XCConfigurationList;
			buildConfigurations = (
				20EF32811DAF458E00E7C01A /* Debug */,
				20EF32821DAF458E00E7C01A /* Release */,
			);
			defaultConfigurationIsVisible = 0;
			defaultConfigurationName = Release;
		};
		20EF32831DAF458E00E7C01A /* Build configuration list for PBXNativeTarget "youmeng" */ = {
			isa = XCConfigurationList;
			buildConfigurations = (
				20EF32841DAF458E00E7C01A /* Debug */,
				20EF32851DAF458E00E7C01A /* Release */,
			);
			defaultConfigurationIsVisible = 0;
		};
/* End XCConfigurationList section */
	};
	rootObject = 20EF32641DAF458E00E7C01A /* Project object */;
}
