// !$*UTF8*$!
{
	archiveVersion = 1;
	classes = {
	};
	objectVersion = 46;
	objects = {

/* Begin PBXBuildFile section */
		2006C0361DA8F37D00A06EBB /* main.m in Sources */ = {isa = PBXBuildFile; fileRef = 2006C0351DA8F37D00A06EBB /* main.m */; };
		2006C0391DA8F37D00A06EBB /* AppDelegate.m in Sources */ = {isa = PBXBuildFile; fileRef = 2006C0381DA8F37D00A06EBB /* AppDelegate.m */; };
		2006C03C1DA8F37D00A06EBB /* ViewController.m in Sources */ = {isa = PBXBuildFile; fileRef = 2006C03B1DA8F37D00A06EBB /* ViewController.m */; };
		2006C03F1DA8F37D00A06EBB /* Main.storyboard in Resources */ = {isa = PBXBuildFile; fileRef = 2006C03D1DA8F37D00A06EBB /* Main.storyboard */; };
		2006C0411DA8F37D00A06EBB /* Assets.xcassets in Resources */ = {isa = PBXBuildFile; fileRef = 2006C0401DA8F37D00A06EBB /* Assets.xcassets */; };
		2006C0441DA8F37D00A06EBB /* LaunchScreen.storyboard in Resources */ = {isa = PBXBuildFile; fileRef = 2006C0421DA8F37D00A06EBB /* LaunchScreen.storyboard */; };
		2006C04D1DA8F3AA00A06EBB /* SwiftController.swift in Sources */ = {isa = PBXBuildFile; fileRef = 2006C04C1DA8F3AA00A06EBB /* SwiftController.swift */; };
/* End PBXBuildFile section */

/* Begin PBXFileReference section */
		2006C0311DA8F37C00A06EBB /* 咻一咻.app */ = {isa = PBXFileReference; explicitFileType = wrapper.application; includeInIndex = 0; path = "咻一咻.app"; sourceTree = BUILT_PRODUCTS_DIR; };
		2006C0351DA8F37D00A06EBB /* main.m */ = {isa = PBXFileReference; lastKnownFileType = sourcecode.c.objc; path = main.m; sourceTree = "<group>"; };
		2006C0371DA8F37D00A06EBB /* AppDelegate.h */ = {isa = PBXFileReference; lastKnownFileType = sourcecode.c.h; path = AppDelegate.h; sourceTree = "<group>"; };
		2006C0381DA8F37D00A06EBB /* AppDelegate.m */ = {isa = PBXFileReference; lastKnownFileType = sourcecode.c.objc; path = AppDelegate.m; sourceTree = "<group>"; };
		2006C03A1DA8F37D00A06EBB /* ViewController.h */ = {isa = PBXFileReference; lastKnownFileType = sourcecode.c.h; path = ViewController.h; sourceTree = "<group>"; };
		2006C03B1DA8F37D00A06EBB /* ViewController.m */ = {isa = PBXFileReference; lastKnownFileType = sourcecode.c.objc; path = ViewController.m; sourceTree = "<group>"; };
		2006C03E1DA8F37D00A06EBB /* Base */ = {isa = PBXFileReference; lastKnownFileType = file.storyboard; name = Base; path = Base.lproj/Main.storyboard; sourceTree = "<group>"; };
		2006C0401DA8F37D00A06EBB /* Assets.xcassets */ = {isa = PBXFileReference; lastKnownFileType = folder.assetcatalog; path = Assets.xcassets; sourceTree = "<group>"; };
		2006C0431DA8F37D00A06EBB /* Base */ = {isa = PBXFileReference; lastKnownFileType = file.storyboard; name = Base; path = Base.lproj/LaunchScreen.storyboard; sourceTree = "<group>"; };
		2006C0451DA8F37D00A06EBB /* Info.plist */ = {isa = PBXFileReference; lastKnownFileType = text.plist.xml; path = Info.plist; sourceTree = "<group>"; };
		2006C04B1DA8F3A900A06EBB /* 咻一咻-Bridging-Header.h */ = {isa = PBXFileReference; lastKnownFileType = sourcecode.c.h; path = "咻一咻-Bridging-Header.h"; sourceTree = "<group>"; };
		2006C04C1DA8F3AA00A06EBB /* SwiftController.swift */ = {isa = PBXFileReference; fileEncoding = 4; lastKnownFileType = sourcecode.swift; path = SwiftController.swift; sourceTree = "<group>"; };
/* End PBXFileReference section */

/* Begin PBXFrameworksBuildPhase section */
		2006C02E1DA8F37C00A06EBB /* Frameworks */ = {
			isa = PBXFrameworksBuildPhase;
			buildActionMask = 2147483647;
			files = (
			);
			runOnlyForDeploymentPostprocessing = 0;
		};
/* End PBXFrameworksBuildPhase section */

/* Begin PBXGroup section */
		2006C0281DA8F37C00A06EBB = {
			isa = PBXGroup;
			children = (
				2006C0331DA8F37C00A06EBB /* 咻一咻 */,
				2006C0321DA8F37C00A06EBB /* Products */,
			);
			sourceTree = "<group>";
		};
		2006C0321DA8F37C00A06EBB /* Products */ = {
			isa = PBXGroup;
			children = (
				2006C0311DA8F37C00A06EBB /* 咻一咻.app */,
			);
			name = Products;
			sourceTree = "<group>";
		};
		2006C0331DA8F37C00A06EBB /* 咻一咻 */ = {
			isa = PBXGroup;
			children = (
				2006C0371DA8F37D00A06EBB /* AppDelegate.h */,
				2006C0381DA8F37D00A06EBB /* AppDelegate.m */,
				2006C03A1DA8F37D00A06EBB /* ViewController.h */,
				2006C03B1DA8F37D00A06EBB /* ViewController.m */,
				2006C04C1DA8F3AA00A06EBB /* SwiftController.swift */,
				2006C03D1DA8F37D00A06EBB /* Main.storyboard */,
				2006C0401DA8F37D00A06EBB /* Assets.xcassets */,
				2006C0421DA8F37D00A06EBB /* LaunchScreen.storyboard */,
				2006C0451DA8F37D00A06EBB /* Info.plist */,
				2006C0341DA8F37D00A06EBB /* Supporting Files */,
				2006C04B1DA8F3A900A06EBB /* 咻一咻-Bridging-Header.h */,
			);
			path = "咻一咻";
			sourceTree = "<group>";
		};
		2006C0341DA8F37D00A06EBB /* Supporting Files */ = {
			isa = PBXGroup;
			children = (
				2006C0351DA8F37D00A06EBB /* main.m */,
			);
			name = "Supporting Files";
			sourceTree = "<group>";
		};
/* End PBXGroup section */

/* Begin PBXNativeTarget section */
		2006C0301DA8F37C00A06EBB /* 咻一咻 */ = {
			isa = PBXNativeTarget;
			buildConfigurationList = 2006C0481DA8F37D00A06EBB /* Build configuration list for PBXNativeTarget "咻一咻" */;
			buildPhases = (
				2006C02D1DA8F37C00A06EBB /* Sources */,
				2006C02E1DA8F37C00A06EBB /* Frameworks */,
				2006C02F1DA8F37C00A06EBB /* Resources */,
			);
			buildRules = (
			);
			dependencies = (
			);
			name = "咻一咻";
			productName = "咻一咻";
			productReference = 2006C0311DA8F37C00A06EBB /* 咻一咻.app */;
			productType = "com.apple.product-type.application";
		};
/* End PBXNativeTarget section */

/* Begin PBXProject section */
		2006C0291DA8F37C00A06EBB /* Project object */ = {
			isa = PBXProject;
			attributes = {
				LastUpgradeCheck = 0800;
				ORGANIZATIONNAME = HM;
				TargetAttributes = {
					2006C0301DA8F37C00A06EBB = {
						CreatedOnToolsVersion = 8.0;
						LastSwiftMigration = 0800;
						ProvisioningStyle = Automatic;
					};
				};
			};
			buildConfigurationList = 2006C02C1DA8F37C00A06EBB /* Build configuration list for PBXProject "咻一咻" */;
			compatibilityVersion = "Xcode 3.2";
			developmentRegion = English;
			hasScannedForEncodings = 0;
			knownRegions = (
				en,
				Base,
			);
			mainGroup = 2006C0281DA8F37C00A06EBB;
			productRefGroup = 2006C0321DA8F37C00A06EBB /* Products */;
			projectDirPath = "";
			projectRoot = "";
			targets = (
				2006C0301DA8F37C00A06EBB /* 咻一咻 */,
			);
		};
/* End PBXProject section */

/* Begin PBXResourcesBuildPhase section */
		2006C02F1DA8F37C00A06EBB /* Resources */ = {
			isa = PBXResourcesBuildPhase;
			buildActionMask = 2147483647;
			files = (
				2006C0441DA8F37D00A06EBB /* LaunchScreen.storyboard in Resources */,
				2006C0411DA8F37D00A06EBB /* Assets.xcassets in Resources */,
				2006C03F1DA8F37D00A06EBB /* Main.storyboard in Resources */,
			);
			runOnlyForDeploymentPostprocessing = 0;
		};
/* End PBXResourcesBuildPhase section */

/* Begin PBXSourcesBuildPhase section */
		2006C02D1DA8F37C00A06EBB /* Sources */ = {
			isa = PBXSourcesBuildPhase;
			buildActionMask = 2147483647;
			files = (
				2006C03C1DA8F37D00A06EBB /* ViewController.m in Sources */,
				2006C04D1DA8F3AA00A06EBB /* SwiftController.swift in Sources */,
				2006C0391DA8F37D00A06EBB /* AppDelegate.m in Sources */,
				2006C0361DA8F37D00A06EBB /* main.m in Sources */,
			);
			runOnlyForDeploymentPostprocessing = 0;
		};
/* End PBXSourcesBuildPhase section */

/* Begin PBXVariantGroup section */
		2006C03D1DA8F37D00A06EBB /* Main.storyboard */ = {
			isa = PBXVariantGroup;
			children = (
				2006C03E1DA8F37D00A06EBB /* Base */,
			);
			name = Main.storyboard;
			sourceTree = "<group>";
		};
		2006C0421DA8F37D00A06EBB /* LaunchScreen.storyboard */ = {
			isa = PBXVariantGroup;
			children = (
				2006C0431DA8F37D00A06EBB /* Base */,
			);
			name = LaunchScreen.storyboard;
			sourceTree = "<group>";
		};
/* End PBXVariantGroup section */

/* Begin XCBuildConfiguration section */
		2006C0461DA8F37D00A06EBB /* Debug */ = {
			isa = XCBuildConfiguration;
			buildSettings = {
				ALWAYS_SEARCH_USER_PATHS = NO;
				CLANG_ANALYZER_NONNULL = YES;
				CLANG_CXX_LANGUAGE_STANDARD = "gnu++0x";
				CLANG_CXX_LIBRARY = "libc++";
				CLANG_ENABLE_MODULES = YES;
				CLANG_ENABLE_OBJC_ARC = YES;
				CLANG_WARN_BOOL_CONVERSION = YES;
				CLANG_WARN_CONSTANT_CONVERSION = YES;
				CLANG_WARN_DIRECT_OBJC_ISA_USAGE = YES_ERROR;
				CLANG_WARN_DOCUMENTATION_COMMENTS = YES;
				CLANG_WARN_EMPTY_BODY = YES;
				CLANG_WARN_ENUM_CONVERSION = YES;
				CLANG_WARN_INFINITE_RECURSION = YES;
				CLANG_WARN_INT_CONVERSION = YES;
				CLANG_WARN_OBJC_ROOT_CLASS = YES_ERROR;
				CLANG_WARN_SUSPICIOUS_MOVES = YES;
				CLANG_WARN_UNREACHABLE_CODE = YES;
				CLANG_WARN__DUPLICATE_METHOD_MATCH = YES;
				"CODE_SIGN_IDENTITY[sdk=iphoneos*]" = "iPhone Developer";
				COPY_PHASE_STRIP = NO;
				DEBUG_INFORMATION_FORMAT = dwarf;
				ENABLE_STRICT_OBJC_MSGSEND = YES;
				ENABLE_TESTABILITY = YES;
				GCC_C_LANGUAGE_STANDARD = gnu99;
				GCC_DYNAMIC_NO_PIC = NO;
				GCC_NO_COMMON_BLOCKS = YES;
				GCC_OPTIMIZATION_LEVEL = 0;
				GCC_PREPROCESSOR_DEFINITIONS = (
					"DEBUG=1",
					"$(inherited)",
				);
				GCC_WARN_64_TO_32_BIT_CONVERSION = YES;
				GCC_WARN_ABOUT_RETURN_TYPE = YES_ERROR;
				GCC_WARN_UNDECLARED_SELECTOR = YES;
				GCC_WARN_UNINITIALIZED_AUTOS = YES_AGGRESSIVE;
				GCC_WARN_UNUSED_FUNCTION = YES;
				GCC_WARN_UNUSED_VARIABLE = YES;
				IPHONEOS_DEPLOYMENT_TARGET = 10.0;
				MTL_ENABLE_DEBUG_INFO = YES;
				ONLY_ACTIVE_ARCH = YES;
				SDKROOT = iphoneos;
			};
			name = Debug;
		};
		2006C0471DA8F37D00A06EBB /* Release */ = {
			isa = XCBuildConfiguration;
			buildSettings = {
				ALWAYS_SEARCH_USER_PATHS = NO;
				CLANG_ANALYZER_NONNULL = YES;
				CLANG_CXX_LANGUAGE_STANDARD = "gnu++0x";
				CLANG_CXX_LIBRARY = "libc++";
				CLANG_ENABLE_MODULES = YES;
				CLANG_ENABLE_OBJC_ARC = YES;
				CLANG_WARN_BOOL_CONVERSION = YES;
				CLANG_WARN_CONSTANT_CONVERSION = YES;
				CLANG_WARN_DIRECT_OBJC_ISA_USAGE = YES_ERROR;
				CLANG_WARN_DOCUMENTATION_COMMENTS = YES;
				CLANG_WARN_EMPTY_BODY = YES;
				CLANG_WARN_ENUM_CONVERSION = YES;
				CLANG_WARN_INFINITE_RECURSION = YES;
				CLANG_WARN_INT_CONVERSION = YES;
				CLANG_WARN_OBJC_ROOT_CLASS = YES_ERROR;
				CLANG_WARN_SUSPICIOUS_MOVES = YES;
				CLANG_WARN_UNREACHABLE_CODE = YES;
				CLANG_WARN__DUPLICATE_METHOD_MATCH = YES;
				"CODE_SIGN_IDENTITY[sdk=iphoneos*]" = "iPhone Developer";
				COPY_PHASE_STRIP = NO;
				DEBUG_INFORMATION_FORMAT = "dwarf-with-dsym";
				ENABLE_NS_ASSERTIONS = NO;
				ENABLE_STRICT_OBJC_MSGSEND = YES;
				GCC_C_LANGUAGE_STANDARD = gnu99;
				GCC_NO_COMMON_BLOCKS = YES;
				GCC_WARN_64_TO_32_BIT_CONVERSION = YES;
				GCC_WARN_ABOUT_RETURN_TYPE = YES_ERROR;
				GCC_WARN_UNDECLARED_SELECTOR = YES;
				GCC_WARN_UNINITIALIZED_AUTOS = YES_AGGRESSIVE;
				GCC_WARN_UNUSED_FUNCTION = YES;
				GCC_WARN_UNUSED_VARIABLE = YES;
				IPHONEOS_DEPLOYMENT_TARGET = 10.0;
				MTL_ENABLE_DEBUG_INFO = NO;
				SDKROOT = iphoneos;
				VALIDATE_PRODUCT = YES;
			};
			name = Release;
		};
		2006C0491DA8F37D00A06EBB /* Debug */ = {
			isa = XCBuildConfiguration;
			buildSettings = {
				ASSETCATALOG_COMPILER_APPICON_NAME = AppIcon;
				CLANG_ENABLE_MODULES = YES;
				INFOPLIST_FILE = "咻一咻/Info.plist";
				LD_RUNPATH_SEARCH_PATHS = "$(inherited) @executable_path/Frameworks";
				PRODUCT_BUNDLE_IDENTIFIER = "cn.itheima.---";
				PRODUCT_NAME = "$(TARGET_NAME)";
				SWIFT_OBJC_BRIDGING_HEADER = "咻一咻/咻一咻-Bridging-Header.h";
				SWIFT_OPTIMIZATION_LEVEL = "-Onone";
				SWIFT_VERSION = 3.0;
			};
			name = Debug;
		};
		2006C04A1DA8F37D00A06EBB /* Release */ = {
			isa = XCBuildConfiguration;
			buildSettings = {
				ASSETCATALOG_COMPILER_APPICON_NAME = AppIcon;
				CLANG_ENABLE_MODULES = YES;
				INFOPLIST_FILE = "咻一咻/Info.plist";
				LD_RUNPATH_SEARCH_PATHS = "$(inherited) @executable_path/Frameworks";
				PRODUCT_BUNDLE_IDENTIFIER = "cn.itheima.---";
				PRODUCT_NAME = "$(TARGET_NAME)";
				SWIFT_OBJC_BRIDGING_HEADER = "咻一咻/咻一咻-Bridging-Header.h";
				SWIFT_VERSION = 3.0;
			};
			name = Release;
		};
/* End XCBuildConfiguration section */

/* Begin XCConfigurationList section */
		2006C02C1DA8F37C00A06EBB /* Build configuration list for PBXProject "咻一咻" */ = {
			isa = XCConfigurationList;
			buildConfigurations = (
				2006C0461DA8F37D00A06EBB /* Debug */,
				2006C0471DA8F37D00A06EBB /* Release */,
			);
			defaultConfigurationIsVisible = 0;
			defaultConfigurationName = Release;
		};
		2006C0481DA8F37D00A06EBB /* Build configuration list for PBXNativeTarget "咻一咻" */ = {
			isa = XCConfigurationList;
			buildConfigurations = (
				2006C0491DA8F37D00A06EBB /* Debug */,
				2006C04A1DA8F37D00A06EBB /* Release */,
			);
			defaultConfigurationIsVisible = 0;
		};
/* End XCConfigurationList section */
	};
	rootObject = 2006C0291DA8F37C00A06EBB /* Project object */;
}
