// !$*UTF8*$!
{
	archiveVersion = 1;
	classes = {
	};
	objectVersion = 46;
	objects = {

/* Begin PBXBuildFile section */
		2013E5001DB1220C00D7A3B5 /* main.m in Sources */ = {isa = PBXBuildFile; fileRef = 2013E4FF1DB1220C00D7A3B5 /* main.m */; };
		2013E5031DB1220C00D7A3B5 /* AppDelegate.mm in Sources */ = {isa = PBXBuildFile; fileRef = 2013E5021DB1220C00D7A3B5 /* AppDelegate.mm */; };
		2013E5061DB1220C00D7A3B5 /* ViewController.m in Sources */ = {isa = PBXBuildFile; fileRef = 2013E5051DB1220C00D7A3B5 /* ViewController.m */; };
		2013E5091DB1220C00D7A3B5 /* Main.storyboard in Resources */ = {isa = PBXBuildFile; fileRef = 2013E5071DB1220C00D7A3B5 /* Main.storyboard */; };
		2013E50B1DB1220C00D7A3B5 /* Assets.xcassets in Resources */ = {isa = PBXBuildFile; fileRef = 2013E50A1DB1220C00D7A3B5 /* Assets.xcassets */; };
		2013E50E1DB1220C00D7A3B5 /* LaunchScreen.storyboard in Resources */ = {isa = PBXBuildFile; fileRef = 2013E50C1DB1220C00D7A3B5 /* LaunchScreen.storyboard */; };
		2013E5161DB1233E00D7A3B5 /* BaiduMapAPI_Base.framework in Frameworks */ = {isa = PBXBuildFile; fileRef = 2013E5151DB1233E00D7A3B5 /* BaiduMapAPI_Base.framework */; };
		2013E5191DB1239800D7A3B5 /* BaiduMapAPI_Map.framework in Frameworks */ = {isa = PBXBuildFile; fileRef = 2013E5171DB1239800D7A3B5 /* BaiduMapAPI_Map.framework */; };
		2013E51A1DB1239800D7A3B5 /* BaiduMapAPI_Search.framework in Frameworks */ = {isa = PBXBuildFile; fileRef = 2013E5181DB1239800D7A3B5 /* BaiduMapAPI_Search.framework */; };
		2013E51C1DB123E800D7A3B5 /* CoreLocation.framework in Frameworks */ = {isa = PBXBuildFile; fileRef = 2013E51B1DB123E800D7A3B5 /* CoreLocation.framework */; };
		2013E51E1DB123F300D7A3B5 /* QuartzCore.framework in Frameworks */ = {isa = PBXBuildFile; fileRef = 2013E51D1DB123F300D7A3B5 /* QuartzCore.framework */; };
		2013E5201DB123FC00D7A3B5 /* OpenGLES.framework in Frameworks */ = {isa = PBXBuildFile; fileRef = 2013E51F1DB123FC00D7A3B5 /* OpenGLES.framework */; };
		2013E5221DB1240600D7A3B5 /* SystemConfiguration.framework in Frameworks */ = {isa = PBXBuildFile; fileRef = 2013E5211DB1240600D7A3B5 /* SystemConfiguration.framework */; };
		2013E5241DB1241400D7A3B5 /* CoreGraphics.framework in Frameworks */ = {isa = PBXBuildFile; fileRef = 2013E5231DB1241400D7A3B5 /* CoreGraphics.framework */; };
		2013E5261DB1241E00D7A3B5 /* Security.framework in Frameworks */ = {isa = PBXBuildFile; fileRef = 2013E5251DB1241E00D7A3B5 /* Security.framework */; };
		2013E5281DB1242D00D7A3B5 /* libsqlite3.0.tbd in Frameworks */ = {isa = PBXBuildFile; fileRef = 2013E5271DB1242D00D7A3B5 /* libsqlite3.0.tbd */; };
		2013E52A1DB1243900D7A3B5 /* CoreTelephony.framework in Frameworks */ = {isa = PBXBuildFile; fileRef = 2013E5291DB1243900D7A3B5 /* CoreTelephony.framework */; };
		2013E52C1DB1244500D7A3B5 /* libstdc++.6.0.9.tbd in Frameworks */ = {isa = PBXBuildFile; fileRef = 2013E52B1DB1244500D7A3B5 /* libstdc++.6.0.9.tbd */; };
		2013E52E1DB125FB00D7A3B5 /* mapapi.bundle in Resources */ = {isa = PBXBuildFile; fileRef = 2013E52D1DB125FB00D7A3B5 /* mapapi.bundle */; };
/* End PBXBuildFile section */

/* Begin PBXFileReference section */
		2013E4FB1DB1220C00D7A3B5 /* 继承百度地图.app */ = {isa = PBXFileReference; explicitFileType = wrapper.application; includeInIndex = 0; path = "继承百度地图.app"; sourceTree = BUILT_PRODUCTS_DIR; };
		2013E4FF1DB1220C00D7A3B5 /* main.m */ = {isa = PBXFileReference; lastKnownFileType = sourcecode.c.objc; path = main.m; sourceTree = "<group>"; };
		2013E5011DB1220C00D7A3B5 /* AppDelegate.h */ = {isa = PBXFileReference; lastKnownFileType = sourcecode.c.h; path = AppDelegate.h; sourceTree = "<group>"; };
		2013E5021DB1220C00D7A3B5 /* AppDelegate.mm */ = {isa = PBXFileReference; lastKnownFileType = sourcecode.cpp.objcpp; path = AppDelegate.mm; sourceTree = "<group>"; };
		2013E5041DB1220C00D7A3B5 /* ViewController.h */ = {isa = PBXFileReference; lastKnownFileType = sourcecode.c.h; path = ViewController.h; sourceTree = "<group>"; };
		2013E5051DB1220C00D7A3B5 /* ViewController.m */ = {isa = PBXFileReference; lastKnownFileType = sourcecode.c.objc; path = ViewController.m; sourceTree = "<group>"; };
		2013E5081DB1220C00D7A3B5 /* Base */ = {isa = PBXFileReference; lastKnownFileType = file.storyboard; name = Base; path = Base.lproj/Main.storyboard; sourceTree = "<group>"; };
		2013E50A1DB1220C00D7A3B5 /* Assets.xcassets */ = {isa = PBXFileReference; lastKnownFileType = folder.assetcatalog; path = Assets.xcassets; sourceTree = "<group>"; };
		2013E50D1DB1220C00D7A3B5 /* Base */ = {isa = PBXFileReference; lastKnownFileType = file.storyboard; name = Base; path = Base.lproj/LaunchScreen.storyboard; sourceTree = "<group>"; };
		2013E50F1DB1220C00D7A3B5 /* Info.plist */ = {isa = PBXFileReference; lastKnownFileType = text.plist.xml; path = Info.plist; sourceTree = "<group>"; };
		2013E5151DB1233E00D7A3B5 /* BaiduMapAPI_Base.framework */ = {isa = PBXFileReference; lastKnownFileType = wrapper.framework; path = BaiduMapAPI_Base.framework; sourceTree = "<group>"; };
		2013E5171DB1239800D7A3B5 /* BaiduMapAPI_Map.framework */ = {isa = PBXFileReference; lastKnownFileType = wrapper.framework; path = BaiduMapAPI_Map.framework; sourceTree = "<group>"; };
		2013E5181DB1239800D7A3B5 /* BaiduMapAPI_Search.framework */ = {isa = PBXFileReference; lastKnownFileType = wrapper.framework; path = BaiduMapAPI_Search.framework; sourceTree = "<group>"; };
		2013E51B1DB123E800D7A3B5 /* CoreLocation.framework */ = {isa = PBXFileReference; lastKnownFileType = wrapper.framework; name = CoreLocation.framework; path = System/Library/Frameworks/CoreLocation.framework; sourceTree = SDKROOT; };
		2013E51D1DB123F300D7A3B5 /* QuartzCore.framework */ = {isa = PBXFileReference; lastKnownFileType = wrapper.framework; name = QuartzCore.framework; path = System/Library/Frameworks/QuartzCore.framework; sourceTree = SDKROOT; };
		2013E51F1DB123FC00D7A3B5 /* OpenGLES.framework */ = {isa = PBXFileReference; lastKnownFileType = wrapper.framework; name = OpenGLES.framework; path = System/Library/Frameworks/OpenGLES.framework; sourceTree = SDKROOT; };
		2013E5211DB1240600D7A3B5 /* SystemConfiguration.framework */ = {isa = PBXFileReference; lastKnownFileType = wrapper.framework; name = SystemConfiguration.framework; path = System/Library/Frameworks/SystemConfiguration.framework; sourceTree = SDKROOT; };
		2013E5231DB1241400D7A3B5 /* CoreGraphics.framework */ = {isa = PBXFileReference; lastKnownFileType = wrapper.framework; name = CoreGraphics.framework; path = System/Library/Frameworks/CoreGraphics.framework; sourceTree = SDKROOT; };
		2013E5251DB1241E00D7A3B5 /* Security.framework */ = {isa = PBXFileReference; lastKnownFileType = wrapper.framework; name = Security.framework; path = System/Library/Frameworks/Security.framework; sourceTree = SDKROOT; };
		2013E5271DB1242D00D7A3B5 /* libsqlite3.0.tbd */ = {isa = PBXFileReference; lastKnownFileType = "sourcecode.text-based-dylib-definition"; name = libsqlite3.0.tbd; path = usr/lib/libsqlite3.0.tbd; sourceTree = SDKROOT; };
		2013E5291DB1243900D7A3B5 /* CoreTelephony.framework */ = {isa = PBXFileReference; lastKnownFileType = wrapper.framework; name = CoreTelephony.framework; path = System/Library/Frameworks/CoreTelephony.framework; sourceTree = SDKROOT; };
		2013E52B1DB1244500D7A3B5 /* libstdc++.6.0.9.tbd */ = {isa = PBXFileReference; lastKnownFileType = "sourcecode.text-based-dylib-definition"; name = "libstdc++.6.0.9.tbd"; path = "usr/lib/libstdc++.6.0.9.tbd"; sourceTree = SDKROOT; };
		2013E52D1DB125FB00D7A3B5 /* mapapi.bundle */ = {isa = PBXFileReference; lastKnownFileType = "wrapper.plug-in"; path = mapapi.bundle; sourceTree = "<group>"; };
/* End PBXFileReference section */

/* Begin PBXFrameworksBuildPhase section */
		2013E4F81DB1220C00D7A3B5 /* Frameworks */ = {
			isa = PBXFrameworksBuildPhase;
			buildActionMask = 2147483647;
			files = (
				2013E52C1DB1244500D7A3B5 /* libstdc++.6.0.9.tbd in Frameworks */,
				2013E52A1DB1243900D7A3B5 /* CoreTelephony.framework in Frameworks */,
				2013E5281DB1242D00D7A3B5 /* libsqlite3.0.tbd in Frameworks */,
				2013E5261DB1241E00D7A3B5 /* Security.framework in Frameworks */,
				2013E5241DB1241400D7A3B5 /* CoreGraphics.framework in Frameworks */,
				2013E5221DB1240600D7A3B5 /* SystemConfiguration.framework in Frameworks */,
				2013E5201DB123FC00D7A3B5 /* OpenGLES.framework in Frameworks */,
				2013E51E1DB123F300D7A3B5 /* QuartzCore.framework in Frameworks */,
				2013E51C1DB123E800D7A3B5 /* CoreLocation.framework in Frameworks */,
				2013E5161DB1233E00D7A3B5 /* BaiduMapAPI_Base.framework in Frameworks */,
				2013E5191DB1239800D7A3B5 /* BaiduMapAPI_Map.framework in Frameworks */,
				2013E51A1DB1239800D7A3B5 /* BaiduMapAPI_Search.framework in Frameworks */,
			);
			runOnlyForDeploymentPostprocessing = 0;
		};
/* End PBXFrameworksBuildPhase section */

/* Begin PBXGroup section */
		2013E4F21DB1220C00D7A3B5 = {
			isa = PBXGroup;
			children = (
				2013E52B1DB1244500D7A3B5 /* libstdc++.6.0.9.tbd */,
				2013E5291DB1243900D7A3B5 /* CoreTelephony.framework */,
				2013E5271DB1242D00D7A3B5 /* libsqlite3.0.tbd */,
				2013E5251DB1241E00D7A3B5 /* Security.framework */,
				2013E5231DB1241400D7A3B5 /* CoreGraphics.framework */,
				2013E5211DB1240600D7A3B5 /* SystemConfiguration.framework */,
				2013E51F1DB123FC00D7A3B5 /* OpenGLES.framework */,
				2013E51D1DB123F300D7A3B5 /* QuartzCore.framework */,
				2013E51B1DB123E800D7A3B5 /* CoreLocation.framework */,
				2013E4FD1DB1220C00D7A3B5 /* 继承百度地图 */,
				2013E4FC1DB1220C00D7A3B5 /* Products */,
			);
			sourceTree = "<group>";
		};
		2013E4FC1DB1220C00D7A3B5 /* Products */ = {
			isa = PBXGroup;
			children = (
				2013E4FB1DB1220C00D7A3B5 /* 继承百度地图.app */,
			);
			name = Products;
			sourceTree = "<group>";
		};
		2013E4FD1DB1220C00D7A3B5 /* 继承百度地图 */ = {
			isa = PBXGroup;
			children = (
				2013E52D1DB125FB00D7A3B5 /* mapapi.bundle */,
				2013E5151DB1233E00D7A3B5 /* BaiduMapAPI_Base.framework */,
				2013E5171DB1239800D7A3B5 /* BaiduMapAPI_Map.framework */,
				2013E5181DB1239800D7A3B5 /* BaiduMapAPI_Search.framework */,
				2013E5021DB1220C00D7A3B5 /* AppDelegate.mm */,
				2013E5011DB1220C00D7A3B5 /* AppDelegate.h */,
				2013E5041DB1220C00D7A3B5 /* ViewController.h */,
				2013E5051DB1220C00D7A3B5 /* ViewController.m */,
				2013E5071DB1220C00D7A3B5 /* Main.storyboard */,
				2013E50A1DB1220C00D7A3B5 /* Assets.xcassets */,
				2013E50C1DB1220C00D7A3B5 /* LaunchScreen.storyboard */,
				2013E50F1DB1220C00D7A3B5 /* Info.plist */,
				2013E4FE1DB1220C00D7A3B5 /* Supporting Files */,
			);
			path = "继承百度地图";
			sourceTree = "<group>";
		};
		2013E4FE1DB1220C00D7A3B5 /* Supporting Files */ = {
			isa = PBXGroup;
			children = (
				2013E4FF1DB1220C00D7A3B5 /* main.m */,
			);
			name = "Supporting Files";
			sourceTree = "<group>";
		};
/* End PBXGroup section */

/* Begin PBXNativeTarget section */
		2013E4FA1DB1220C00D7A3B5 /* 继承百度地图 */ = {
			isa = PBXNativeTarget;
			buildConfigurationList = 2013E5121DB1220C00D7A3B5 /* Build configuration list for PBXNativeTarget "继承百度地图" */;
			buildPhases = (
				2013E4F71DB1220C00D7A3B5 /* Sources */,
				2013E4F81DB1220C00D7A3B5 /* Frameworks */,
				2013E4F91DB1220C00D7A3B5 /* Resources */,
			);
			buildRules = (
			);
			dependencies = (
			);
			name = "继承百度地图";
			productName = "继承百度地图";
			productReference = 2013E4FB1DB1220C00D7A3B5 /* 继承百度地图.app */;
			productType = "com.apple.product-type.application";
		};
/* End PBXNativeTarget section */

/* Begin PBXProject section */
		2013E4F31DB1220C00D7A3B5 /* Project object */ = {
			isa = PBXProject;
			attributes = {
				LastUpgradeCheck = 0730;
				ORGANIZATIONNAME = HM;
				TargetAttributes = {
					2013E4FA1DB1220C00D7A3B5 = {
						CreatedOnToolsVersion = 7.3.1;
					};
				};
			};
			buildConfigurationList = 2013E4F61DB1220C00D7A3B5 /* Build configuration list for PBXProject "继承百度地图" */;
			compatibilityVersion = "Xcode 3.2";
			developmentRegion = English;
			hasScannedForEncodings = 0;
			knownRegions = (
				en,
				Base,
			);
			mainGroup = 2013E4F21DB1220C00D7A3B5;
			productRefGroup = 2013E4FC1DB1220C00D7A3B5 /* Products */;
			projectDirPath = "";
			projectRoot = "";
			targets = (
				2013E4FA1DB1220C00D7A3B5 /* 继承百度地图 */,
			);
		};
/* End PBXProject section */

/* Begin PBXResourcesBuildPhase section */
		2013E4F91DB1220C00D7A3B5 /* Resources */ = {
			isa = PBXResourcesBuildPhase;
			buildActionMask = 2147483647;
			files = (
				2013E50E1DB1220C00D7A3B5 /* LaunchScreen.storyboard in Resources */,
				2013E52E1DB125FB00D7A3B5 /* mapapi.bundle in Resources */,
				2013E50B1DB1220C00D7A3B5 /* Assets.xcassets in Resources */,
				2013E5091DB1220C00D7A3B5 /* Main.storyboard in Resources */,
			);
			runOnlyForDeploymentPostprocessing = 0;
		};
/* End PBXResourcesBuildPhase section */

/* Begin PBXSourcesBuildPhase section */
		2013E4F71DB1220C00D7A3B5 /* Sources */ = {
			isa = PBXSourcesBuildPhase;
			buildActionMask = 2147483647;
			files = (
				2013E5061DB1220C00D7A3B5 /* ViewController.m in Sources */,
				2013E5031DB1220C00D7A3B5 /* AppDelegate.mm in Sources */,
				2013E5001DB1220C00D7A3B5 /* main.m in Sources */,
			);
			runOnlyForDeploymentPostprocessing = 0;
		};
/* End PBXSourcesBuildPhase section */

/* Begin PBXVariantGroup section */
		2013E5071DB1220C00D7A3B5 /* Main.storyboard */ = {
			isa = PBXVariantGroup;
			children = (
				2013E5081DB1220C00D7A3B5 /* Base */,
			);
			name = Main.storyboard;
			sourceTree = "<group>";
		};
		2013E50C1DB1220C00D7A3B5 /* LaunchScreen.storyboard */ = {
			isa = PBXVariantGroup;
			children = (
				2013E50D1DB1220C00D7A3B5 /* Base */,
			);
			name = LaunchScreen.storyboard;
			sourceTree = "<group>";
		};
/* End PBXVariantGroup section */

/* Begin XCBuildConfiguration section */
		2013E5101DB1220C00D7A3B5 /* Debug */ = {
			isa = XCBuildConfiguration;
			buildSettings = {
				ALWAYS_SEARCH_USER_PATHS = NO;
				CLANG_ANALYZER_NONNULL = YES;
				CLANG_CXX_LANGUAGE_STANDARD = "gnu++0x";
				CLANG_CXX_LIBRARY = "libc++";
				CLANG_ENABLE_MODULES = YES;
				CLANG_ENABLE_OBJC_ARC = YES;
				CLANG_WARN_BOOL_CONVERSION = YES;
				CLANG_WARN_CONSTANT_CONVERSION = YES;
				CLANG_WARN_DIRECT_OBJC_ISA_USAGE = YES_ERROR;
				CLANG_WARN_EMPTY_BODY = YES;
				CLANG_WARN_ENUM_CONVERSION = YES;
				CLANG_WARN_INT_CONVERSION = YES;
				CLANG_WARN_OBJC_ROOT_CLASS = YES_ERROR;
				CLANG_WARN_UNREACHABLE_CODE = YES;
				CLANG_WARN__DUPLICATE_METHOD_MATCH = YES;
				"CODE_SIGN_IDENTITY[sdk=iphoneos*]" = "iPhone Developer";
				COPY_PHASE_STRIP = NO;
				DEBUG_INFORMATION_FORMAT = dwarf;
				ENABLE_STRICT_OBJC_MSGSEND = YES;
				ENABLE_TESTABILITY = YES;
				GCC_C_LANGUAGE_STANDARD = gnu99;
				GCC_DYNAMIC_NO_PIC = NO;
				GCC_NO_COMMON_BLOCKS = YES;
				GCC_OPTIMIZATION_LEVEL = 0;
				GCC_PREPROCESSOR_DEFINITIONS = (
					"DEBUG=1",
					"$(inherited)",
				);
				GCC_WARN_64_TO_32_BIT_CONVERSION = YES;
				GCC_WARN_ABOUT_RETURN_TYPE = YES_ERROR;
				GCC_WARN_UNDECLARED_SELECTOR = YES;
				GCC_WARN_UNINITIALIZED_AUTOS = YES_AGGRESSIVE;
				GCC_WARN_UNUSED_FUNCTION = YES;
				GCC_WARN_UNUSED_VARIABLE = YES;
				IPHONEOS_DEPLOYMENT_TARGET = 9.3;
				MTL_ENABLE_DEBUG_INFO = YES;
				ONLY_ACTIVE_ARCH = YES;
				SDKROOT = iphoneos;
			};
			name = Debug;
		};
		2013E5111DB1220C00D7A3B5 /* Release */ = {
			isa = XCBuildConfiguration;
			buildSettings = {
				ALWAYS_SEARCH_USER_PATHS = NO;
				CLANG_ANALYZER_NONNULL = YES;
				CLANG_CXX_LANGUAGE_STANDARD = "gnu++0x";
				CLANG_CXX_LIBRARY = "libc++";
				CLANG_ENABLE_MODULES = YES;
				CLANG_ENABLE_OBJC_ARC = YES;
				CLANG_WARN_BOOL_CONVERSION = YES;
				CLANG_WARN_CONSTANT_CONVERSION = YES;
				CLANG_WARN_DIRECT_OBJC_ISA_USAGE = YES_ERROR;
				CLANG_WARN_EMPTY_BODY = YES;
				CLANG_WARN_ENUM_CONVERSION = YES;
				CLANG_WARN_INT_CONVERSION = YES;
				CLANG_WARN_OBJC_ROOT_CLASS = YES_ERROR;
				CLANG_WARN_UNREACHABLE_CODE = YES;
				CLANG_WARN__DUPLICATE_METHOD_MATCH = YES;
				"CODE_SIGN_IDENTITY[sdk=iphoneos*]" = "iPhone Developer";
				COPY_PHASE_STRIP = NO;
				DEBUG_INFORMATION_FORMAT = "dwarf-with-dsym";
				ENABLE_NS_ASSERTIONS = NO;
				ENABLE_STRICT_OBJC_MSGSEND = YES;
				GCC_C_LANGUAGE_STANDARD = gnu99;
				GCC_NO_COMMON_BLOCKS = YES;
				GCC_WARN_64_TO_32_BIT_CONVERSION = YES;
				GCC_WARN_ABOUT_RETURN_TYPE = YES_ERROR;
				GCC_WARN_UNDECLARED_SELECTOR = YES;
				GCC_WARN_UNINITIALIZED_AUTOS = YES_AGGRESSIVE;
				GCC_WARN_UNUSED_FUNCTION = YES;
				GCC_WARN_UNUSED_VARIABLE = YES;
				IPHONEOS_DEPLOYMENT_TARGET = 9.3;
				MTL_ENABLE_DEBUG_INFO = NO;
				SDKROOT = iphoneos;
				VALIDATE_PRODUCT = YES;
			};
			name = Release;
		};
		2013E5131DB1220C00D7A3B5 /* Debug */ = {
			isa = XCBuildConfiguration;
			buildSettings = {
				ASSETCATALOG_COMPILER_APPICON_NAME = AppIcon;
				FRAMEWORK_SEARCH_PATHS = (
					"$(inherited)",
					"$(PROJECT_DIR)/继承百度地图",
				);
				INFOPLIST_FILE = "继承百度地图/Info.plist";
				LD_RUNPATH_SEARCH_PATHS = "$(inherited) @executable_path/Frameworks";
				OTHER_LDFLAGS = "-ObjC";
				PRODUCT_BUNDLE_IDENTIFIER = "cn.itheima.umeng20.------";
				PRODUCT_NAME = "$(TARGET_NAME)";
			};
			name = Debug;
		};
		2013E5141DB1220C00D7A3B5 /* Release */ = {
			isa = XCBuildConfiguration;
			buildSettings = {
				ASSETCATALOG_COMPILER_APPICON_NAME = AppIcon;
				FRAMEWORK_SEARCH_PATHS = (
					"$(inherited)",
					"$(PROJECT_DIR)/继承百度地图",
				);
				INFOPLIST_FILE = "继承百度地图/Info.plist";
				LD_RUNPATH_SEARCH_PATHS = "$(inherited) @executable_path/Frameworks";
				OTHER_LDFLAGS = "-ObjC";
				PRODUCT_BUNDLE_IDENTIFIER = "cn.itheima.umeng20.------";
				PRODUCT_NAME = "$(TARGET_NAME)";
			};
			name = Release;
		};
/* End XCBuildConfiguration section */

/* Begin XCConfigurationList section */
		2013E4F61DB1220C00D7A3B5 /* Build configuration list for PBXProject "继承百度地图" */ = {
			isa = XCConfigurationList;
			buildConfigurations = (
				2013E5101DB1220C00D7A3B5 /* Debug */,
				2013E5111DB1220C00D7A3B5 /* Release */,
			);
			defaultConfigurationIsVisible = 0;
			defaultConfigurationName = Release;
		};
		2013E5121DB1220C00D7A3B5 /* Build configuration list for PBXNativeTarget "继承百度地图" */ = {
			isa = XCConfigurationList;
			buildConfigurations = (
				2013E5131DB1220C00D7A3B5 /* Debug */,
				2013E5141DB1220C00D7A3B5 /* Release */,
			);
			defaultConfigurationIsVisible = 0;
		};
/* End XCConfigurationList section */
	};
	rootObject = 2013E4F31DB1220C00D7A3B5 /* Project object */;
}
