// !$*UTF8*$!
{
	archiveVersion = 1;
	classes = {
	};
	objectVersion = 46;
	objects = {

/* Begin PBXBuildFile section */
		203AC68F1DAD00AA002EA47F /* AppDelegate.swift in Sources */ = {isa = PBXBuildFile; fileRef = 203AC68E1DAD00AA002EA47F /* AppDelegate.swift */; };
		203AC6911DAD00AA002EA47F /* ViewController.swift in Sources */ = {isa = PBXBuildFile; fileRef = 203AC6901DAD00AA002EA47F /* ViewController.swift */; };
		203AC6941DAD00AA002EA47F /* Main.storyboard in Resources */ = {isa = PBXBuildFile; fileRef = 203AC6921DAD00AA002EA47F /* Main.storyboard */; };
		203AC6961DAD00AA002EA47F /* Assets.xcassets in Resources */ = {isa = PBXBuildFile; fileRef = 203AC6951DAD00AA002EA47F /* Assets.xcassets */; };
		203AC6991DAD00AA002EA47F /* LaunchScreen.storyboard in Resources */ = {isa = PBXBuildFile; fileRef = 203AC6971DAD00AA002EA47F /* LaunchScreen.storyboard */; };
		203AC6A31DAD00E4002EA47F /* layoutViewController.m in Sources */ = {isa = PBXBuildFile; fileRef = 203AC6A21DAD00E4002EA47F /* layoutViewController.m */; };
/* End PBXBuildFile section */

/* Begin PBXFileReference section */
		203AC68B1DAD00AA002EA47F /* layout的约束的动画.app */ = {isa = PBXFileReference; explicitFileType = wrapper.application; includeInIndex = 0; path = "layout的约束的动画.app"; sourceTree = BUILT_PRODUCTS_DIR; };
		203AC68E1DAD00AA002EA47F /* AppDelegate.swift */ = {isa = PBXFileReference; lastKnownFileType = sourcecode.swift; path = AppDelegate.swift; sourceTree = "<group>"; };
		203AC6901DAD00AA002EA47F /* ViewController.swift */ = {isa = PBXFileReference; lastKnownFileType = sourcecode.swift; path = ViewController.swift; sourceTree = "<group>"; };
		203AC6931DAD00AA002EA47F /* Base */ = {isa = PBXFileReference; lastKnownFileType = file.storyboard; name = Base; path = Base.lproj/Main.storyboard; sourceTree = "<group>"; };
		203AC6951DAD00AA002EA47F /* Assets.xcassets */ = {isa = PBXFileReference; lastKnownFileType = folder.assetcatalog; path = Assets.xcassets; sourceTree = "<group>"; };
		203AC6981DAD00AA002EA47F /* Base */ = {isa = PBXFileReference; lastKnownFileType = file.storyboard; name = Base; path = Base.lproj/LaunchScreen.storyboard; sourceTree = "<group>"; };
		203AC69A1DAD00AA002EA47F /* Info.plist */ = {isa = PBXFileReference; lastKnownFileType = text.plist.xml; path = Info.plist; sourceTree = "<group>"; };
		203AC6A01DAD00E4002EA47F /* layout的约束的动画-Bridging-Header.h */ = {isa = PBXFileReference; lastKnownFileType = sourcecode.c.h; path = "layout的约束的动画-Bridging-Header.h"; sourceTree = "<group>"; };
		203AC6A11DAD00E4002EA47F /* layoutViewController.h */ = {isa = PBXFileReference; fileEncoding = 4; lastKnownFileType = sourcecode.c.h; path = layoutViewController.h; sourceTree = "<group>"; };
		203AC6A21DAD00E4002EA47F /* layoutViewController.m */ = {isa = PBXFileReference; fileEncoding = 4; lastKnownFileType = sourcecode.c.objc; path = layoutViewController.m; sourceTree = "<group>"; };
/* End PBXFileReference section */

/* Begin PBXFrameworksBuildPhase section */
		203AC6881DAD00AA002EA47F /* Frameworks */ = {
			isa = PBXFrameworksBuildPhase;
			buildActionMask = 2147483647;
			files = (
			);
			runOnlyForDeploymentPostprocessing = 0;
		};
/* End PBXFrameworksBuildPhase section */

/* Begin PBXGroup section */
		203AC6821DAD00AA002EA47F = {
			isa = PBXGroup;
			children = (
				203AC68D1DAD00AA002EA47F /* layout的约束的动画 */,
				203AC68C1DAD00AA002EA47F /* Products */,
			);
			sourceTree = "<group>";
		};
		203AC68C1DAD00AA002EA47F /* Products */ = {
			isa = PBXGroup;
			children = (
				203AC68B1DAD00AA002EA47F /* layout的约束的动画.app */,
			);
			name = Products;
			sourceTree = "<group>";
		};
		203AC68D1DAD00AA002EA47F /* layout的约束的动画 */ = {
			isa = PBXGroup;
			children = (
				203AC68E1DAD00AA002EA47F /* AppDelegate.swift */,
				203AC6901DAD00AA002EA47F /* ViewController.swift */,
				203AC6921DAD00AA002EA47F /* Main.storyboard */,
				203AC6A11DAD00E4002EA47F /* layoutViewController.h */,
				203AC6A21DAD00E4002EA47F /* layoutViewController.m */,
				203AC6951DAD00AA002EA47F /* Assets.xcassets */,
				203AC6971DAD00AA002EA47F /* LaunchScreen.storyboard */,
				203AC69A1DAD00AA002EA47F /* Info.plist */,
				203AC6A01DAD00E4002EA47F /* layout的约束的动画-Bridging-Header.h */,
			);
			path = "layout的约束的动画";
			sourceTree = "<group>";
		};
/* End PBXGroup section */

/* Begin PBXNativeTarget section */
		203AC68A1DAD00AA002EA47F /* layout的约束的动画 */ = {
			isa = PBXNativeTarget;
			buildConfigurationList = 203AC69D1DAD00AA002EA47F /* Build configuration list for PBXNativeTarget "layout的约束的动画" */;
			buildPhases = (
				203AC6871DAD00AA002EA47F /* Sources */,
				203AC6881DAD00AA002EA47F /* Frameworks */,
				203AC6891DAD00AA002EA47F /* Resources */,
			);
			buildRules = (
			);
			dependencies = (
			);
			name = "layout的约束的动画";
			productName = "layout的约束的动画";
			productReference = 203AC68B1DAD00AA002EA47F /* layout的约束的动画.app */;
			productType = "com.apple.product-type.application";
		};
/* End PBXNativeTarget section */

/* Begin PBXProject section */
		203AC6831DAD00AA002EA47F /* Project object */ = {
			isa = PBXProject;
			attributes = {
				LastSwiftUpdateCheck = 0730;
				LastUpgradeCheck = 0730;
				ORGANIZATIONNAME = HM;
				TargetAttributes = {
					203AC68A1DAD00AA002EA47F = {
						CreatedOnToolsVersion = 7.3.1;
					};
				};
			};
			buildConfigurationList = 203AC6861DAD00AA002EA47F /* Build configuration list for PBXProject "layout的约束的动画" */;
			compatibilityVersion = "Xcode 3.2";
			developmentRegion = English;
			hasScannedForEncodings = 0;
			knownRegions = (
				en,
				Base,
			);
			mainGroup = 203AC6821DAD00AA002EA47F;
			productRefGroup = 203AC68C1DAD00AA002EA47F /* Products */;
			projectDirPath = "";
			projectRoot = "";
			targets = (
				203AC68A1DAD00AA002EA47F /* layout的约束的动画 */,
			);
		};
/* End PBXProject section */

/* Begin PBXResourcesBuildPhase section */
		203AC6891DAD00AA002EA47F /* Resources */ = {
			isa = PBXResourcesBuildPhase;
			buildActionMask = 2147483647;
			files = (
				203AC6991DAD00AA002EA47F /* LaunchScreen.storyboard in Resources */,
				203AC6961DAD00AA002EA47F /* Assets.xcassets in Resources */,
				203AC6941DAD00AA002EA47F /* Main.storyboard in Resources */,
			);
			runOnlyForDeploymentPostprocessing = 0;
		};
/* End PBXResourcesBuildPhase section */

/* Begin PBXSourcesBuildPhase section */
		203AC6871DAD00AA002EA47F /* Sources */ = {
			isa = PBXSourcesBuildPhase;
			buildActionMask = 2147483647;
			files = (
				203AC6A31DAD00E4002EA47F /* layoutViewController.m in Sources */,
				203AC6911DAD00AA002EA47F /* ViewController.swift in Sources */,
				203AC68F1DAD00AA002EA47F /* AppDelegate.swift in Sources */,
			);
			runOnlyForDeploymentPostprocessing = 0;
		};
/* End PBXSourcesBuildPhase section */

/* Begin PBXVariantGroup section */
		203AC6921DAD00AA002EA47F /* Main.storyboard */ = {
			isa = PBXVariantGroup;
			children = (
				203AC6931DAD00AA002EA47F /* Base */,
			);
			name = Main.storyboard;
			sourceTree = "<group>";
		};
		203AC6971DAD00AA002EA47F /* LaunchScreen.storyboard */ = {
			isa = PBXVariantGroup;
			children = (
				203AC6981DAD00AA002EA47F /* Base */,
			);
			name = LaunchScreen.storyboard;
			sourceTree = "<group>";
		};
/* End PBXVariantGroup section */

/* Begin XCBuildConfiguration section */
		203AC69B1DAD00AA002EA47F /* Debug */ = {
			isa = XCBuildConfiguration;
			buildSettings = {
				ALWAYS_SEARCH_USER_PATHS = NO;
				CLANG_ANALYZER_NONNULL = YES;
				CLANG_CXX_LANGUAGE_STANDARD = "gnu++0x";
				CLANG_CXX_LIBRARY = "libc++";
				CLANG_ENABLE_MODULES = YES;
				CLANG_ENABLE_OBJC_ARC = YES;
				CLANG_WARN_BOOL_CONVERSION = YES;
				CLANG_WARN_CONSTANT_CONVERSION = YES;
				CLANG_WARN_DIRECT_OBJC_ISA_USAGE = YES_ERROR;
				CLANG_WARN_EMPTY_BODY = YES;
				CLANG_WARN_ENUM_CONVERSION = YES;
				CLANG_WARN_INT_CONVERSION = YES;
				CLANG_WARN_OBJC_ROOT_CLASS = YES_ERROR;
				CLANG_WARN_UNREACHABLE_CODE = YES;
				CLANG_WARN__DUPLICATE_METHOD_MATCH = YES;
				"CODE_SIGN_IDENTITY[sdk=iphoneos*]" = "iPhone Developer";
				COPY_PHASE_STRIP = NO;
				DEBUG_INFORMATION_FORMAT = dwarf;
				ENABLE_STRICT_OBJC_MSGSEND = YES;
				ENABLE_TESTABILITY = YES;
				GCC_C_LANGUAGE_STANDARD = gnu99;
				GCC_DYNAMIC_NO_PIC = NO;
				GCC_NO_COMMON_BLOCKS = YES;
				GCC_OPTIMIZATION_LEVEL = 0;
				GCC_PREPROCESSOR_DEFINITIONS = (
					"DEBUG=1",
					"$(inherited)",
				);
				GCC_WARN_64_TO_32_BIT_CONVERSION = YES;
				GCC_WARN_ABOUT_RETURN_TYPE = YES_ERROR;
				GCC_WARN_UNDECLARED_SELECTOR = YES;
				GCC_WARN_UNINITIALIZED_AUTOS = YES_AGGRESSIVE;
				GCC_WARN_UNUSED_FUNCTION = YES;
				GCC_WARN_UNUSED_VARIABLE = YES;
				IPHONEOS_DEPLOYMENT_TARGET = 9.3;
				MTL_ENABLE_DEBUG_INFO = YES;
				ONLY_ACTIVE_ARCH = YES;
				SDKROOT = iphoneos;
				SWIFT_OPTIMIZATION_LEVEL = "-Onone";
			};
			name = Debug;
		};
		203AC69C1DAD00AA002EA47F /* Release */ = {
			isa = XCBuildConfiguration;
			buildSettings = {
				ALWAYS_SEARCH_USER_PATHS = NO;
				CLANG_ANALYZER_NONNULL = YES;
				CLANG_CXX_LANGUAGE_STANDARD = "gnu++0x";
				CLANG_CXX_LIBRARY = "libc++";
				CLANG_ENABLE_MODULES = YES;
				CLANG_ENABLE_OBJC_ARC = YES;
				CLANG_WARN_BOOL_CONVERSION = YES;
				CLANG_WARN_CONSTANT_CONVERSION = YES;
				CLANG_WARN_DIRECT_OBJC_ISA_USAGE = YES_ERROR;
				CLANG_WARN_EMPTY_BODY = YES;
				CLANG_WARN_ENUM_CONVERSION = YES;
				CLANG_WARN_INT_CONVERSION = YES;
				CLANG_WARN_OBJC_ROOT_CLASS = YES_ERROR;
				CLANG_WARN_UNREACHABLE_CODE = YES;
				CLANG_WARN__DUPLICATE_METHOD_MATCH = YES;
				"CODE_SIGN_IDENTITY[sdk=iphoneos*]" = "iPhone Developer";
				COPY_PHASE_STRIP = NO;
				DEBUG_INFORMATION_FORMAT = "dwarf-with-dsym";
				ENABLE_NS_ASSERTIONS = NO;
				ENABLE_STRICT_OBJC_MSGSEND = YES;
				GCC_C_LANGUAGE_STANDARD = gnu99;
				GCC_NO_COMMON_BLOCKS = YES;
				GCC_WARN_64_TO_32_BIT_CONVERSION = YES;
				GCC_WARN_ABOUT_RETURN_TYPE = YES_ERROR;
				GCC_WARN_UNDECLARED_SELECTOR = YES;
				GCC_WARN_UNINITIALIZED_AUTOS = YES_AGGRESSIVE;
				GCC_WARN_UNUSED_FUNCTION = YES;
				GCC_WARN_UNUSED_VARIABLE = YES;
				IPHONEOS_DEPLOYMENT_TARGET = 9.3;
				MTL_ENABLE_DEBUG_INFO = NO;
				SDKROOT = iphoneos;
				VALIDATE_PRODUCT = YES;
			};
			name = Release;
		};
		203AC69E1DAD00AA002EA47F /* Debug */ = {
			isa = XCBuildConfiguration;
			buildSettings = {
				ASSETCATALOG_COMPILER_APPICON_NAME = AppIcon;
				CLANG_ENABLE_MODULES = YES;
				INFOPLIST_FILE = "layout的约束的动画/Info.plist";
				LD_RUNPATH_SEARCH_PATHS = "$(inherited) @executable_path/Frameworks";
				PRODUCT_BUNDLE_IDENTIFIER = "cn.itheima.layout------";
				PRODUCT_NAME = "$(TARGET_NAME)";
				SWIFT_OBJC_BRIDGING_HEADER = "layout的约束的动画/layout的约束的动画-Bridging-Header.h";
				SWIFT_OPTIMIZATION_LEVEL = "-Onone";
			};
			name = Debug;
		};
		203AC69F1DAD00AA002EA47F /* Release */ = {
			isa = XCBuildConfiguration;
			buildSettings = {
				ASSETCATALOG_COMPILER_APPICON_NAME = AppIcon;
				CLANG_ENABLE_MODULES = YES;
				INFOPLIST_FILE = "layout的约束的动画/Info.plist";
				LD_RUNPATH_SEARCH_PATHS = "$(inherited) @executable_path/Frameworks";
				PRODUCT_BUNDLE_IDENTIFIER = "cn.itheima.layout------";
				PRODUCT_NAME = "$(TARGET_NAME)";
				SWIFT_OBJC_BRIDGING_HEADER = "layout的约束的动画/layout的约束的动画-Bridging-Header.h";
			};
			name = Release;
		};
/* End XCBuildConfiguration section */

/* Begin XCConfigurationList section */
		203AC6861DAD00AA002EA47F /* Build configuration list for PBXProject "layout的约束的动画" */ = {
			isa = XCConfigurationList;
			buildConfigurations = (
				203AC69B1DAD00AA002EA47F /* Debug */,
				203AC69C1DAD00AA002EA47F /* Release */,
			);
			defaultConfigurationIsVisible = 0;
			defaultConfigurationName = Release;
		};
		203AC69D1DAD00AA002EA47F /* Build configuration list for PBXNativeTarget "layout的约束的动画" */ = {
			isa = XCConfigurationList;
			buildConfigurations = (
				203AC69E1DAD00AA002EA47F /* Debug */,
				203AC69F1DAD00AA002EA47F /* Release */,
			);
			defaultConfigurationIsVisible = 0;
		};
/* End XCConfigurationList section */
	};
	rootObject = 203AC6831DAD00AA002EA47F /* Project object */;
}
