// !$*UTF8*$!
{
	archiveVersion = 1;
	classes = {
	};
	objectVersion = 46;
	objects = {

/* Begin PBXBuildFile section */
		2080DAC01DAD3617006DBC6C /* main.m in Sources */ = {isa = PBXBuildFile; fileRef = 2080DABF1DAD3617006DBC6C /* main.m */; };
		2080DAC31DAD3617006DBC6C /* AppDelegate.m in Sources */ = {isa = PBXBuildFile; fileRef = 2080DAC21DAD3617006DBC6C /* AppDelegate.m */; };
		2080DAC61DAD3617006DBC6C /* ViewController.m in Sources */ = {isa = PBXBuildFile; fileRef = 2080DAC51DAD3617006DBC6C /* ViewController.m */; };
		2080DAC91DAD3617006DBC6C /* Main.storyboard in Resources */ = {isa = PBXBuildFile; fileRef = 2080DAC71DAD3617006DBC6C /* Main.storyboard */; };
		2080DACB1DAD3617006DBC6C /* Assets.xcassets in Resources */ = {isa = PBXBuildFile; fileRef = 2080DACA1DAD3617006DBC6C /* Assets.xcassets */; };
		2080DACE1DAD3617006DBC6C /* LaunchScreen.storyboard in Resources */ = {isa = PBXBuildFile; fileRef = 2080DACC1DAD3617006DBC6C /* LaunchScreen.storyboard */; };
/* End PBXBuildFile section */

/* Begin PBXFileReference section */
		2080DABB1DAD3617006DBC6C /* scrollview的基本属性.app */ = {isa = PBXFileReference; explicitFileType = wrapper.application; includeInIndex = 0; path = "scrollview的基本属性.app"; sourceTree = BUILT_PRODUCTS_DIR; };
		2080DABF1DAD3617006DBC6C /* main.m */ = {isa = PBXFileReference; lastKnownFileType = sourcecode.c.objc; path = main.m; sourceTree = "<group>"; };
		2080DAC11DAD3617006DBC6C /* AppDelegate.h */ = {isa = PBXFileReference; lastKnownFileType = sourcecode.c.h; path = AppDelegate.h; sourceTree = "<group>"; };
		2080DAC21DAD3617006DBC6C /* AppDelegate.m */ = {isa = PBXFileReference; lastKnownFileType = sourcecode.c.objc; path = AppDelegate.m; sourceTree = "<group>"; };
		2080DAC41DAD3617006DBC6C /* ViewController.h */ = {isa = PBXFileReference; lastKnownFileType = sourcecode.c.h; path = ViewController.h; sourceTree = "<group>"; };
		2080DAC51DAD3617006DBC6C /* ViewController.m */ = {isa = PBXFileReference; lastKnownFileType = sourcecode.c.objc; path = ViewController.m; sourceTree = "<group>"; };
		2080DAC81DAD3617006DBC6C /* Base */ = {isa = PBXFileReference; lastKnownFileType = file.storyboard; name = Base; path = Base.lproj/Main.storyboard; sourceTree = "<group>"; };
		2080DACA1DAD3617006DBC6C /* Assets.xcassets */ = {isa = PBXFileReference; lastKnownFileType = folder.assetcatalog; path = Assets.xcassets; sourceTree = "<group>"; };
		2080DACD1DAD3617006DBC6C /* Base */ = {isa = PBXFileReference; lastKnownFileType = file.storyboard; name = Base; path = Base.lproj/LaunchScreen.storyboard; sourceTree = "<group>"; };
		2080DACF1DAD3617006DBC6C /* Info.plist */ = {isa = PBXFileReference; lastKnownFileType = text.plist.xml; path = Info.plist; sourceTree = "<group>"; };
/* End PBXFileReference section */

/* Begin PBXFrameworksBuildPhase section */
		2080DAB81DAD3617006DBC6C /* Frameworks */ = {
			isa = PBXFrameworksBuildPhase;
			buildActionMask = 2147483647;
			files = (
			);
			runOnlyForDeploymentPostprocessing = 0;
		};
/* End PBXFrameworksBuildPhase section */

/* Begin PBXGroup section */
		2080DAB21DAD3617006DBC6C = {
			isa = PBXGroup;
			children = (
				2080DABD1DAD3617006DBC6C /* scrollview的基本属性 */,
				2080DABC1DAD3617006DBC6C /* Products */,
			);
			sourceTree = "<group>";
		};
		2080DABC1DAD3617006DBC6C /* Products */ = {
			isa = PBXGroup;
			children = (
				2080DABB1DAD3617006DBC6C /* scrollview的基本属性.app */,
			);
			name = Products;
			sourceTree = "<group>";
		};
		2080DABD1DAD3617006DBC6C /* scrollview的基本属性 */ = {
			isa = PBXGroup;
			children = (
				2080DAC11DAD3617006DBC6C /* AppDelegate.h */,
				2080DAC21DAD3617006DBC6C /* AppDelegate.m */,
				2080DAC41DAD3617006DBC6C /* ViewController.h */,
				2080DAC51DAD3617006DBC6C /* ViewController.m */,
				2080DAC71DAD3617006DBC6C /* Main.storyboard */,
				2080DACA1DAD3617006DBC6C /* Assets.xcassets */,
				2080DACC1DAD3617006DBC6C /* LaunchScreen.storyboard */,
				2080DACF1DAD3617006DBC6C /* Info.plist */,
				2080DABE1DAD3617006DBC6C /* Supporting Files */,
			);
			path = "scrollview的基本属性";
			sourceTree = "<group>";
		};
		2080DABE1DAD3617006DBC6C /* Supporting Files */ = {
			isa = PBXGroup;
			children = (
				2080DABF1DAD3617006DBC6C /* main.m */,
			);
			name = "Supporting Files";
			sourceTree = "<group>";
		};
/* End PBXGroup section */

/* Begin PBXNativeTarget section */
		2080DABA1DAD3617006DBC6C /* scrollview的基本属性 */ = {
			isa = PBXNativeTarget;
			buildConfigurationList = 2080DAD21DAD3617006DBC6C /* Build configuration list for PBXNativeTarget "scrollview的基本属性" */;
			buildPhases = (
				2080DAB71DAD3617006DBC6C /* Sources */,
				2080DAB81DAD3617006DBC6C /* Frameworks */,
				2080DAB91DAD3617006DBC6C /* Resources */,
			);
			buildRules = (
			);
			dependencies = (
			);
			name = "scrollview的基本属性";
			productName = "scrollview的基本属性";
			productReference = 2080DABB1DAD3617006DBC6C /* scrollview的基本属性.app */;
			productType = "com.apple.product-type.application";
		};
/* End PBXNativeTarget section */

/* Begin PBXProject section */
		2080DAB31DAD3617006DBC6C /* Project object */ = {
			isa = PBXProject;
			attributes = {
				LastUpgradeCheck = 0800;
				ORGANIZATIONNAME = HM;
				TargetAttributes = {
					2080DABA1DAD3617006DBC6C = {
						CreatedOnToolsVersion = 8.0;
						ProvisioningStyle = Automatic;
					};
				};
			};
			buildConfigurationList = 2080DAB61DAD3617006DBC6C /* Build configuration list for PBXProject "scrollview的基本属性" */;
			compatibilityVersion = "Xcode 3.2";
			developmentRegion = English;
			hasScannedForEncodings = 0;
			knownRegions = (
				en,
				Base,
			);
			mainGroup = 2080DAB21DAD3617006DBC6C;
			productRefGroup = 2080DABC1DAD3617006DBC6C /* Products */;
			projectDirPath = "";
			projectRoot = "";
			targets = (
				2080DABA1DAD3617006DBC6C /* scrollview的基本属性 */,
			);
		};
/* End PBXProject section */

/* Begin PBXResourcesBuildPhase section */
		2080DAB91DAD3617006DBC6C /* Resources */ = {
			isa = PBXResourcesBuildPhase;
			buildActionMask = 2147483647;
			files = (
				2080DACE1DAD3617006DBC6C /* LaunchScreen.storyboard in Resources */,
				2080DACB1DAD3617006DBC6C /* Assets.xcassets in Resources */,
				2080DAC91DAD3617006DBC6C /* Main.storyboard in Resources */,
			);
			runOnlyForDeploymentPostprocessing = 0;
		};
/* End PBXResourcesBuildPhase section */

/* Begin PBXSourcesBuildPhase section */
		2080DAB71DAD3617006DBC6C /* Sources */ = {
			isa = PBXSourcesBuildPhase;
			buildActionMask = 2147483647;
			files = (
				2080DAC61DAD3617006DBC6C /* ViewController.m in Sources */,
				2080DAC31DAD3617006DBC6C /* AppDelegate.m in Sources */,
				2080DAC01DAD3617006DBC6C /* main.m in Sources */,
			);
			runOnlyForDeploymentPostprocessing = 0;
		};
/* End PBXSourcesBuildPhase section */

/* Begin PBXVariantGroup section */
		2080DAC71DAD3617006DBC6C /* Main.storyboard */ = {
			isa = PBXVariantGroup;
			children = (
				2080DAC81DAD3617006DBC6C /* Base */,
			);
			name = Main.storyboard;
			sourceTree = "<group>";
		};
		2080DACC1DAD3617006DBC6C /* LaunchScreen.storyboard */ = {
			isa = PBXVariantGroup;
			children = (
				2080DACD1DAD3617006DBC6C /* Base */,
			);
			name = LaunchScreen.storyboard;
			sourceTree = "<group>";
		};
/* End PBXVariantGroup section */

/* Begin XCBuildConfiguration section */
		2080DAD01DAD3617006DBC6C /* Debug */ = {
			isa = XCBuildConfiguration;
			buildSettings = {
				ALWAYS_SEARCH_USER_PATHS = NO;
				CLANG_ANALYZER_NONNULL = YES;
				CLANG_CXX_LANGUAGE_STANDARD = "gnu++0x";
				CLANG_CXX_LIBRARY = "libc++";
				CLANG_ENABLE_MODULES = YES;
				CLANG_ENABLE_OBJC_ARC = YES;
				CLANG_WARN_BOOL_CONVERSION = YES;
				CLANG_WARN_CONSTANT_CONVERSION = YES;
				CLANG_WARN_DIRECT_OBJC_ISA_USAGE = YES_ERROR;
				CLANG_WARN_DOCUMENTATION_COMMENTS = YES;
				CLANG_WARN_EMPTY_BODY = YES;
				CLANG_WARN_ENUM_CONVERSION = YES;
				CLANG_WARN_INFINITE_RECURSION = YES;
				CLANG_WARN_INT_CONVERSION = YES;
				CLANG_WARN_OBJC_ROOT_CLASS = YES_ERROR;
				CLANG_WARN_SUSPICIOUS_MOVES = YES;
				CLANG_WARN_UNREACHABLE_CODE = YES;
				CLANG_WARN__DUPLICATE_METHOD_MATCH = YES;
				"CODE_SIGN_IDENTITY[sdk=iphoneos*]" = "iPhone Developer";
				COPY_PHASE_STRIP = NO;
				DEBUG_INFORMATION_FORMAT = dwarf;
				ENABLE_STRICT_OBJC_MSGSEND = YES;
				ENABLE_TESTABILITY = YES;
				GCC_C_LANGUAGE_STANDARD = gnu99;
				GCC_DYNAMIC_NO_PIC = NO;
				GCC_NO_COMMON_BLOCKS = YES;
				GCC_OPTIMIZATION_LEVEL = 0;
				GCC_PREPROCESSOR_DEFINITIONS = (
					"DEBUG=1",
					"$(inherited)",
				);
				GCC_WARN_64_TO_32_BIT_CONVERSION = YES;
				GCC_WARN_ABOUT_RETURN_TYPE = YES_ERROR;
				GCC_WARN_UNDECLARED_SELECTOR = YES;
				GCC_WARN_UNINITIALIZED_AUTOS = YES_AGGRESSIVE;
				GCC_WARN_UNUSED_FUNCTION = YES;
				GCC_WARN_UNUSED_VARIABLE = YES;
				IPHONEOS_DEPLOYMENT_TARGET = 10.0;
				MTL_ENABLE_DEBUG_INFO = YES;
				ONLY_ACTIVE_ARCH = YES;
				SDKROOT = iphoneos;
			};
			name = Debug;
		};
		2080DAD11DAD3617006DBC6C /* Release */ = {
			isa = XCBuildConfiguration;
			buildSettings = {
				ALWAYS_SEARCH_USER_PATHS = NO;
				CLANG_ANALYZER_NONNULL = YES;
				CLANG_CXX_LANGUAGE_STANDARD = "gnu++0x";
				CLANG_CXX_LIBRARY = "libc++";
				CLANG_ENABLE_MODULES = YES;
				CLANG_ENABLE_OBJC_ARC = YES;
				CLANG_WARN_BOOL_CONVERSION = YES;
				CLANG_WARN_CONSTANT_CONVERSION = YES;
				CLANG_WARN_DIRECT_OBJC_ISA_USAGE = YES_ERROR;
				CLANG_WARN_DOCUMENTATION_COMMENTS = YES;
				CLANG_WARN_EMPTY_BODY = YES;
				CLANG_WARN_ENUM_CONVERSION = YES;
				CLANG_WARN_INFINITE_RECURSION = YES;
				CLANG_WARN_INT_CONVERSION = YES;
				CLANG_WARN_OBJC_ROOT_CLASS = YES_ERROR;
				CLANG_WARN_SUSPICIOUS_MOVES = YES;
				CLANG_WARN_UNREACHABLE_CODE = YES;
				CLANG_WARN__DUPLICATE_METHOD_MATCH = YES;
				"CODE_SIGN_IDENTITY[sdk=iphoneos*]" = "iPhone Developer";
				COPY_PHASE_STRIP = NO;
				DEBUG_INFORMATION_FORMAT = "dwarf-with-dsym";
				ENABLE_NS_ASSERTIONS = NO;
				ENABLE_STRICT_OBJC_MSGSEND = YES;
				GCC_C_LANGUAGE_STANDARD = gnu99;
				GCC_NO_COMMON_BLOCKS = YES;
				GCC_WARN_64_TO_32_BIT_CONVERSION = YES;
				GCC_WARN_ABOUT_RETURN_TYPE = YES_ERROR;
				GCC_WARN_UNDECLARED_SELECTOR = YES;
				GCC_WARN_UNINITIALIZED_AUTOS = YES_AGGRESSIVE;
				GCC_WARN_UNUSED_FUNCTION = YES;
				GCC_WARN_UNUSED_VARIABLE = YES;
				IPHONEOS_DEPLOYMENT_TARGET = 10.0;
				MTL_ENABLE_DEBUG_INFO = NO;
				SDKROOT = iphoneos;
				VALIDATE_PRODUCT = YES;
			};
			name = Release;
		};
		2080DAD31DAD3617006DBC6C /* Debug */ = {
			isa = XCBuildConfiguration;
			buildSettings = {
				ASSETCATALOG_COMPILER_APPICON_NAME = AppIcon;
				INFOPLIST_FILE = "scrollview的基本属性/Info.plist";
				LD_RUNPATH_SEARCH_PATHS = "$(inherited) @executable_path/Frameworks";
				PRODUCT_BUNDLE_IDENTIFIER = "cn.itheima.scrollview-----";
				PRODUCT_NAME = "$(TARGET_NAME)";
			};
			name = Debug;
		};
		2080DAD41DAD3617006DBC6C /* Release */ = {
			isa = XCBuildConfiguration;
			buildSettings = {
				ASSETCATALOG_COMPILER_APPICON_NAME = AppIcon;
				INFOPLIST_FILE = "scrollview的基本属性/Info.plist";
				LD_RUNPATH_SEARCH_PATHS = "$(inherited) @executable_path/Frameworks";
				PRODUCT_BUNDLE_IDENTIFIER = "cn.itheima.scrollview-----";
				PRODUCT_NAME = "$(TARGET_NAME)";
			};
			name = Release;
		};
/* End XCBuildConfiguration section */

/* Begin XCConfigurationList section */
		2080DAB61DAD3617006DBC6C /* Build configuration list for PBXProject "scrollview的基本属性" */ = {
			isa = XCConfigurationList;
			buildConfigurations = (
				2080DAD01DAD3617006DBC6C /* Debug */,
				2080DAD11DAD3617006DBC6C /* Release */,
			);
			defaultConfigurationIsVisible = 0;
			defaultConfigurationName = Release;
		};
		2080DAD21DAD3617006DBC6C /* Build configuration list for PBXNativeTarget "scrollview的基本属性" */ = {
			isa = XCConfigurationList;
			buildConfigurations = (
				2080DAD31DAD3617006DBC6C /* Debug */,
				2080DAD41DAD3617006DBC6C /* Release */,
			);
			defaultConfigurationIsVisible = 0;
		};
/* End XCConfigurationList section */
	};
	rootObject = 2080DAB31DAD3617006DBC6C /* Project object */;
}
