// !$*UTF8*$!
{
	archiveVersion = 1;
	classes = {
	};
	objectVersion = 46;
	objects = {

/* Begin PBXBuildFile section */
		201751811DAF252E0071846C /* main.m in Sources */ = {isa = PBXBuildFile; fileRef = 201751801DAF252E0071846C /* main.m */; };
		201751841DAF252E0071846C /* AppDelegate.m in Sources */ = {isa = PBXBuildFile; fileRef = 201751831DAF252E0071846C /* AppDelegate.m */; };
		201751871DAF252E0071846C /* ViewController.m in Sources */ = {isa = PBXBuildFile; fileRef = 201751861DAF252E0071846C /* ViewController.m */; };
		2017518A1DAF252E0071846C /* Main.storyboard in Resources */ = {isa = PBXBuildFile; fileRef = 201751881DAF252E0071846C /* Main.storyboard */; };
		2017518C1DAF252E0071846C /* Assets.xcassets in Resources */ = {isa = PBXBuildFile; fileRef = 2017518B1DAF252E0071846C /* Assets.xcassets */; };
		2017518F1DAF252E0071846C /* LaunchScreen.storyboard in Resources */ = {isa = PBXBuildFile; fileRef = 2017518D1DAF252E0071846C /* LaunchScreen.storyboard */; };
/* End PBXBuildFile section */

/* Begin PBXFileReference section */
		2017517C1DAF252E0071846C /* 正则表达式.app */ = {isa = PBXFileReference; explicitFileType = wrapper.application; includeInIndex = 0; path = "正则表达式.app"; sourceTree = BUILT_PRODUCTS_DIR; };
		201751801DAF252E0071846C /* main.m */ = {isa = PBXFileReference; lastKnownFileType = sourcecode.c.objc; path = main.m; sourceTree = "<group>"; };
		201751821DAF252E0071846C /* AppDelegate.h */ = {isa = PBXFileReference; lastKnownFileType = sourcecode.c.h; path = AppDelegate.h; sourceTree = "<group>"; };
		201751831DAF252E0071846C /* AppDelegate.m */ = {isa = PBXFileReference; lastKnownFileType = sourcecode.c.objc; path = AppDelegate.m; sourceTree = "<group>"; };
		201751851DAF252E0071846C /* ViewController.h */ = {isa = PBXFileReference; lastKnownFileType = sourcecode.c.h; path = ViewController.h; sourceTree = "<group>"; };
		201751861DAF252E0071846C /* ViewController.m */ = {isa = PBXFileReference; lastKnownFileType = sourcecode.c.objc; path = ViewController.m; sourceTree = "<group>"; };
		201751891DAF252E0071846C /* Base */ = {isa = PBXFileReference; lastKnownFileType = file.storyboard; name = Base; path = Base.lproj/Main.storyboard; sourceTree = "<group>"; };
		2017518B1DAF252E0071846C /* Assets.xcassets */ = {isa = PBXFileReference; lastKnownFileType = folder.assetcatalog; path = Assets.xcassets; sourceTree = "<group>"; };
		2017518E1DAF252E0071846C /* Base */ = {isa = PBXFileReference; lastKnownFileType = file.storyboard; name = Base; path = Base.lproj/LaunchScreen.storyboard; sourceTree = "<group>"; };
		201751901DAF252E0071846C /* Info.plist */ = {isa = PBXFileReference; lastKnownFileType = text.plist.xml; path = Info.plist; sourceTree = "<group>"; };
/* End PBXFileReference section */

/* Begin PBXFrameworksBuildPhase section */
		201751791DAF252E0071846C /* Frameworks */ = {
			isa = PBXFrameworksBuildPhase;
			buildActionMask = 2147483647;
			files = (
			);
			runOnlyForDeploymentPostprocessing = 0;
		};
/* End PBXFrameworksBuildPhase section */

/* Begin PBXGroup section */
		201751731DAF252E0071846C = {
			isa = PBXGroup;
			children = (
				2017517E1DAF252E0071846C /* 正则表达式 */,
				2017517D1DAF252E0071846C /* Products */,
			);
			sourceTree = "<group>";
		};
		2017517D1DAF252E0071846C /* Products */ = {
			isa = PBXGroup;
			children = (
				2017517C1DAF252E0071846C /* 正则表达式.app */,
			);
			name = Products;
			sourceTree = "<group>";
		};
		2017517E1DAF252E0071846C /* 正则表达式 */ = {
			isa = PBXGroup;
			children = (
				201751821DAF252E0071846C /* AppDelegate.h */,
				201751831DAF252E0071846C /* AppDelegate.m */,
				201751851DAF252E0071846C /* ViewController.h */,
				201751861DAF252E0071846C /* ViewController.m */,
				201751881DAF252E0071846C /* Main.storyboard */,
				2017518B1DAF252E0071846C /* Assets.xcassets */,
				2017518D1DAF252E0071846C /* LaunchScreen.storyboard */,
				201751901DAF252E0071846C /* Info.plist */,
				2017517F1DAF252E0071846C /* Supporting Files */,
			);
			path = "正则表达式";
			sourceTree = "<group>";
		};
		2017517F1DAF252E0071846C /* Supporting Files */ = {
			isa = PBXGroup;
			children = (
				201751801DAF252E0071846C /* main.m */,
			);
			name = "Supporting Files";
			sourceTree = "<group>";
		};
/* End PBXGroup section */

/* Begin PBXNativeTarget section */
		2017517B1DAF252E0071846C /* 正则表达式 */ = {
			isa = PBXNativeTarget;
			buildConfigurationList = 201751931DAF252F0071846C /* Build configuration list for PBXNativeTarget "正则表达式" */;
			buildPhases = (
				201751781DAF252E0071846C /* Sources */,
				201751791DAF252E0071846C /* Frameworks */,
				2017517A1DAF252E0071846C /* Resources */,
			);
			buildRules = (
			);
			dependencies = (
			);
			name = "正则表达式";
			productName = "正则表达式";
			productReference = 2017517C1DAF252E0071846C /* 正则表达式.app */;
			productType = "com.apple.product-type.application";
		};
/* End PBXNativeTarget section */

/* Begin PBXProject section */
		201751741DAF252E0071846C /* Project object */ = {
			isa = PBXProject;
			attributes = {
				LastUpgradeCheck = 0730;
				ORGANIZATIONNAME = HM;
				TargetAttributes = {
					2017517B1DAF252E0071846C = {
						CreatedOnToolsVersion = 7.3.1;
					};
				};
			};
			buildConfigurationList = 201751771DAF252E0071846C /* Build configuration list for PBXProject "正则表达式" */;
			compatibilityVersion = "Xcode 3.2";
			developmentRegion = English;
			hasScannedForEncodings = 0;
			knownRegions = (
				en,
				Base,
			);
			mainGroup = 201751731DAF252E0071846C;
			productRefGroup = 2017517D1DAF252E0071846C /* Products */;
			projectDirPath = "";
			projectRoot = "";
			targets = (
				2017517B1DAF252E0071846C /* 正则表达式 */,
			);
		};
/* End PBXProject section */

/* Begin PBXResourcesBuildPhase section */
		2017517A1DAF252E0071846C /* Resources */ = {
			isa = PBXResourcesBuildPhase;
			buildActionMask = 2147483647;
			files = (
				2017518F1DAF252E0071846C /* LaunchScreen.storyboard in Resources */,
				2017518C1DAF252E0071846C /* Assets.xcassets in Resources */,
				2017518A1DAF252E0071846C /* Main.storyboard in Resources */,
			);
			runOnlyForDeploymentPostprocessing = 0;
		};
/* End PBXResourcesBuildPhase section */

/* Begin PBXSourcesBuildPhase section */
		201751781DAF252E0071846C /* Sources */ = {
			isa = PBXSourcesBuildPhase;
			buildActionMask = 2147483647;
			files = (
				201751871DAF252E0071846C /* ViewController.m in Sources */,
				201751841DAF252E0071846C /* AppDelegate.m in Sources */,
				201751811DAF252E0071846C /* main.m in Sources */,
			);
			runOnlyForDeploymentPostprocessing = 0;
		};
/* End PBXSourcesBuildPhase section */

/* Begin PBXVariantGroup section */
		201751881DAF252E0071846C /* Main.storyboard */ = {
			isa = PBXVariantGroup;
			children = (
				201751891DAF252E0071846C /* Base */,
			);
			name = Main.storyboard;
			sourceTree = "<group>";
		};
		2017518D1DAF252E0071846C /* LaunchScreen.storyboard */ = {
			isa = PBXVariantGroup;
			children = (
				2017518E1DAF252E0071846C /* Base */,
			);
			name = LaunchScreen.storyboard;
			sourceTree = "<group>";
		};
/* End PBXVariantGroup section */

/* Begin XCBuildConfiguration section */
		201751911DAF252E0071846C /* Debug */ = {
			isa = XCBuildConfiguration;
			buildSettings = {
				ALWAYS_SEARCH_USER_PATHS = NO;
				CLANG_ANALYZER_NONNULL = YES;
				CLANG_CXX_LANGUAGE_STANDARD = "gnu++0x";
				CLANG_CXX_LIBRARY = "libc++";
				CLANG_ENABLE_MODULES = YES;
				CLANG_ENABLE_OBJC_ARC = YES;
				CLANG_WARN_BOOL_CONVERSION = YES;
				CLANG_WARN_CONSTANT_CONVERSION = YES;
				CLANG_WARN_DIRECT_OBJC_ISA_USAGE = YES_ERROR;
				CLANG_WARN_EMPTY_BODY = YES;
				CLANG_WARN_ENUM_CONVERSION = YES;
				CLANG_WARN_INT_CONVERSION = YES;
				CLANG_WARN_OBJC_ROOT_CLASS = YES_ERROR;
				CLANG_WARN_UNREACHABLE_CODE = YES;
				CLANG_WARN__DUPLICATE_METHOD_MATCH = YES;
				"CODE_SIGN_IDENTITY[sdk=iphoneos*]" = "iPhone Developer";
				COPY_PHASE_STRIP = NO;
				DEBUG_INFORMATION_FORMAT = dwarf;
				ENABLE_STRICT_OBJC_MSGSEND = YES;
				ENABLE_TESTABILITY = YES;
				GCC_C_LANGUAGE_STANDARD = gnu99;
				GCC_DYNAMIC_NO_PIC = NO;
				GCC_NO_COMMON_BLOCKS = YES;
				GCC_OPTIMIZATION_LEVEL = 0;
				GCC_PREPROCESSOR_DEFINITIONS = (
					"DEBUG=1",
					"$(inherited)",
				);
				GCC_WARN_64_TO_32_BIT_CONVERSION = YES;
				GCC_WARN_ABOUT_RETURN_TYPE = YES_ERROR;
				GCC_WARN_UNDECLARED_SELECTOR = YES;
				GCC_WARN_UNINITIALIZED_AUTOS = YES_AGGRESSIVE;
				GCC_WARN_UNUSED_FUNCTION = YES;
				GCC_WARN_UNUSED_VARIABLE = YES;
				IPHONEOS_DEPLOYMENT_TARGET = 9.3;
				MTL_ENABLE_DEBUG_INFO = YES;
				ONLY_ACTIVE_ARCH = YES;
				SDKROOT = iphoneos;
			};
			name = Debug;
		};
		201751921DAF252E0071846C /* Release */ = {
			isa = XCBuildConfiguration;
			buildSettings = {
				ALWAYS_SEARCH_USER_PATHS = NO;
				CLANG_ANALYZER_NONNULL = YES;
				CLANG_CXX_LANGUAGE_STANDARD = "gnu++0x";
				CLANG_CXX_LIBRARY = "libc++";
				CLANG_ENABLE_MODULES = YES;
				CLANG_ENABLE_OBJC_ARC = YES;
				CLANG_WARN_BOOL_CONVERSION = YES;
				CLANG_WARN_CONSTANT_CONVERSION = YES;
				CLANG_WARN_DIRECT_OBJC_ISA_USAGE = YES_ERROR;
				CLANG_WARN_EMPTY_BODY = YES;
				CLANG_WARN_ENUM_CONVERSION = YES;
				CLANG_WARN_INT_CONVERSION = YES;
				CLANG_WARN_OBJC_ROOT_CLASS = YES_ERROR;
				CLANG_WARN_UNREACHABLE_CODE = YES;
				CLANG_WARN__DUPLICATE_METHOD_MATCH = YES;
				"CODE_SIGN_IDENTITY[sdk=iphoneos*]" = "iPhone Developer";
				COPY_PHASE_STRIP = NO;
				DEBUG_INFORMATION_FORMAT = "dwarf-with-dsym";
				ENABLE_NS_ASSERTIONS = NO;
				ENABLE_STRICT_OBJC_MSGSEND = YES;
				GCC_C_LANGUAGE_STANDARD = gnu99;
				GCC_NO_COMMON_BLOCKS = YES;
				GCC_WARN_64_TO_32_BIT_CONVERSION = YES;
				GCC_WARN_ABOUT_RETURN_TYPE = YES_ERROR;
				GCC_WARN_UNDECLARED_SELECTOR = YES;
				GCC_WARN_UNINITIALIZED_AUTOS = YES_AGGRESSIVE;
				GCC_WARN_UNUSED_FUNCTION = YES;
				GCC_WARN_UNUSED_VARIABLE = YES;
				IPHONEOS_DEPLOYMENT_TARGET = 9.3;
				MTL_ENABLE_DEBUG_INFO = NO;
				SDKROOT = iphoneos;
				VALIDATE_PRODUCT = YES;
			};
			name = Release;
		};
		201751941DAF252F0071846C /* Debug */ = {
			isa = XCBuildConfiguration;
			buildSettings = {
				ASSETCATALOG_COMPILER_APPICON_NAME = AppIcon;
				INFOPLIST_FILE = "正则表达式/Info.plist";
				LD_RUNPATH_SEARCH_PATHS = "$(inherited) @executable_path/Frameworks";
				PRODUCT_BUNDLE_IDENTIFIER = "cn.itheima.-----";
				PRODUCT_NAME = "$(TARGET_NAME)";
			};
			name = Debug;
		};
		201751951DAF252F0071846C /* Release */ = {
			isa = XCBuildConfiguration;
			buildSettings = {
				ASSETCATALOG_COMPILER_APPICON_NAME = AppIcon;
				INFOPLIST_FILE = "正则表达式/Info.plist";
				LD_RUNPATH_SEARCH_PATHS = "$(inherited) @executable_path/Frameworks";
				PRODUCT_BUNDLE_IDENTIFIER = "cn.itheima.-----";
				PRODUCT_NAME = "$(TARGET_NAME)";
			};
			name = Release;
		};
/* End XCBuildConfiguration section */

/* Begin XCConfigurationList section */
		201751771DAF252E0071846C /* Build configuration list for PBXProject "正则表达式" */ = {
			isa = XCConfigurationList;
			buildConfigurations = (
				201751911DAF252E0071846C /* Debug */,
				201751921DAF252E0071846C /* Release */,
			);
			defaultConfigurationIsVisible = 0;
			defaultConfigurationName = Release;
		};
		201751931DAF252F0071846C /* Build configuration list for PBXNativeTarget "正则表达式" */ = {
			isa = XCConfigurationList;
			buildConfigurations = (
				201751941DAF252F0071846C /* Debug */,
				201751951DAF252F0071846C /* Release */,
			);
			defaultConfigurationIsVisible = 0;
		};
/* End XCConfigurationList section */
	};
	rootObject = 201751741DAF252E0071846C /* Project object */;
}
